// !$*UTF8*$!
{
	archiveVersion = 1;
	classes = {
	};
	objectVersion = 42;
	objects = {

/* Begin PBXBuildFile section */
		53b8dc1d45ebd5267b24b6017228408c /* ofxOpenNITypes.cpp in Sources */ = {isa = PBXBuildFile; fileRef = 1510e35407533b95f05c297d33f87724 /* ofxOpenNITypes.cpp */; };
		89d91bbae9596d6e30aa6e35773b88d2 /* ofxOpenNI.cpp in Sources */ = {isa = PBXBuildFile; fileRef = 12b3cd0d48ad549f971eb5868110556d /* ofxOpenNI.cpp */; };
		8ded5056525646fa71980866dad7cfd5 /* ofxAssimpModelLoader.cpp in Sources */ = {isa = PBXBuildFile; fileRef = ede55d82bd962dac0e94b708addc77b6 /* ofxAssimpModelLoader.cpp */; };
		BBAB23CB13894F3D00AA2426 /* GLUT.framework in CopyFiles */ = {isa = PBXBuildFile; fileRef = BBAB23BE13894E4700AA2426 /* GLUT.framework */; };
		BCA1D11316D031EF009D9B80 /* libnimCodecs.dylib in Frameworks */ = {isa = PBXBuildFile; fileRef = BCA1D10516D031EF009D9B80 /* libnimCodecs.dylib */; };
		BCA1D11416D031EF009D9B80 /* libnimMockNodes.dylib in Frameworks */ = {isa = PBXBuildFile; fileRef = BCA1D10616D031EF009D9B80 /* libnimMockNodes.dylib */; };
		BCA1D11516D031EF009D9B80 /* libnimRecorder.dylib in Frameworks */ = {isa = PBXBuildFile; fileRef = BCA1D10716D031EF009D9B80 /* libnimRecorder.dylib */; };
		BCA1D11616D031EF009D9B80 /* libOpenNI.dylib in Frameworks */ = {isa = PBXBuildFile; fileRef = BCA1D10816D031EF009D9B80 /* libOpenNI.dylib */; };
		BCA1D11716D031EF009D9B80 /* libusb-1.0.0.dylib in Frameworks */ = {isa = PBXBuildFile; fileRef = BCA1D10916D031EF009D9B80 /* libusb-1.0.0.dylib */; };
		BCA1D11816D031EF009D9B80 /* libXnCore.dylib in Frameworks */ = {isa = PBXBuildFile; fileRef = BCA1D10A16D031EF009D9B80 /* libXnCore.dylib */; };
		BCA1D11916D031EF009D9B80 /* libXnDDK.dylib in Frameworks */ = {isa = PBXBuildFile; fileRef = BCA1D10B16D031EF009D9B80 /* libXnDDK.dylib */; };
		BCA1D11A16D031EF009D9B80 /* libXnDeviceFile.dylib in Frameworks */ = {isa = PBXBuildFile; fileRef = BCA1D10C16D031EF009D9B80 /* libXnDeviceFile.dylib */; };
		BCA1D11B16D031EF009D9B80 /* libXnDeviceSensorV2KM.dylib in Frameworks */ = {isa = PBXBuildFile; fileRef = BCA1D10D16D031EF009D9B80 /* libXnDeviceSensorV2KM.dylib */; };
		BCA1D11C16D031EF009D9B80 /* libXnFormats.dylib in Frameworks */ = {isa = PBXBuildFile; fileRef = BCA1D10E16D031EF009D9B80 /* libXnFormats.dylib */; };
		BCA1D11D16D031F0009D9B80 /* libXnVCNITE_1_5_2.dylib in Frameworks */ = {isa = PBXBuildFile; fileRef = BCA1D10F16D031EF009D9B80 /* libXnVCNITE_1_5_2.dylib */; };
		BCA1D11E16D031F0009D9B80 /* libXnVFeatures_1_5_2.dylib in Frameworks */ = {isa = PBXBuildFile; fileRef = BCA1D11016D031EF009D9B80 /* libXnVFeatures_1_5_2.dylib */; };
		BCA1D11F16D031F0009D9B80 /* libXnVHandGenerator_1_5_2.dylib in Frameworks */ = {isa = PBXBuildFile; fileRef = BCA1D11116D031EF009D9B80 /* libXnVHandGenerator_1_5_2.dylib */; };
		BCA1D12016D031F0009D9B80 /* libXnVNite_1_5_2.dylib in Frameworks */ = {isa = PBXBuildFile; fileRef = BCA1D11216D031EF009D9B80 /* libXnVNite_1_5_2.dylib */; };
		E4328149138ABC9F0047C5CB /* openFrameworksDebug.a in Frameworks */ = {isa = PBXBuildFile; fileRef = E4328148138ABC890047C5CB /* openFrameworksDebug.a */; };
		E45BE97B0E8CC7DD009D7055 /* AGL.framework in Frameworks */ = {isa = PBXBuildFile; fileRef = E45BE9710E8CC7DD009D7055 /* AGL.framework */; };
		E45BE97C0E8CC7DD009D7055 /* ApplicationServices.framework in Frameworks */ = {isa = PBXBuildFile; fileRef = E45BE9720E8CC7DD009D7055 /* ApplicationServices.framework */; };
		E45BE97D0E8CC7DD009D7055 /* AudioToolbox.framework in Frameworks */ = {isa = PBXBuildFile; fileRef = E45BE9730E8CC7DD009D7055 /* AudioToolbox.framework */; };
		E45BE97E0E8CC7DD009D7055 /* Carbon.framework in Frameworks */ = {isa = PBXBuildFile; fileRef = E45BE9740E8CC7DD009D7055 /* Carbon.framework */; };
		E45BE97F0E8CC7DD009D7055 /* CoreAudio.framework in Frameworks */ = {isa = PBXBuildFile; fileRef = E45BE9750E8CC7DD009D7055 /* CoreAudio.framework */; };
		E45BE9800E8CC7DD009D7055 /* CoreFoundation.framework in Frameworks */ = {isa = PBXBuildFile; fileRef = E45BE9760E8CC7DD009D7055 /* CoreFoundation.framework */; };
		E45BE9810E8CC7DD009D7055 /* CoreServices.framework in Frameworks */ = {isa = PBXBuildFile; fileRef = E45BE9770E8CC7DD009D7055 /* CoreServices.framework */; };
		E45BE9830E8CC7DD009D7055 /* OpenGL.framework in Frameworks */ = {isa = PBXBuildFile; fileRef = E45BE9790E8CC7DD009D7055 /* OpenGL.framework */; };
		E45BE9840E8CC7DD009D7055 /* QuickTime.framework in Frameworks */ = {isa = PBXBuildFile; fileRef = E45BE97A0E8CC7DD009D7055 /* QuickTime.framework */; };
		E4B69E200A3A1BDC003C02F2 /* main.cpp in Sources */ = {isa = PBXBuildFile; fileRef = E4B69E1D0A3A1BDC003C02F2 /* main.cpp */; };
		E4B69E210A3A1BDC003C02F2 /* testApp.cpp in Sources */ = {isa = PBXBuildFile; fileRef = E4B69E1E0A3A1BDC003C02F2 /* testApp.cpp */; };
		E4C2424710CC5A17004149E2 /* AppKit.framework in Frameworks */ = {isa = PBXBuildFile; fileRef = E4C2424410CC5A17004149E2 /* AppKit.framework */; };
		E4C2424810CC5A17004149E2 /* Cocoa.framework in Frameworks */ = {isa = PBXBuildFile; fileRef = E4C2424510CC5A17004149E2 /* Cocoa.framework */; };
		E4C2424910CC5A17004149E2 /* IOKit.framework in Frameworks */ = {isa = PBXBuildFile; fileRef = E4C2424610CC5A17004149E2 /* IOKit.framework */; };
		E4EB6799138ADC1D00A09F29 /* GLUT.framework in Frameworks */ = {isa = PBXBuildFile; fileRef = BBAB23BE13894E4700AA2426 /* GLUT.framework */; };
		E7E077E515D3B63C0020DFD4 /* CoreVideo.framework in Frameworks */ = {isa = PBXBuildFile; fileRef = E7E077E415D3B63C0020DFD4 /* CoreVideo.framework */; };
		E7E077E815D3B6510020DFD4 /* QTKit.framework in Frameworks */ = {isa = PBXBuildFile; fileRef = E7E077E715D3B6510020DFD4 /* QTKit.framework */; };
		E7F985F815E0DEA3003869B5 /* Accelerate.framework in Frameworks */ = {isa = PBXBuildFile; fileRef = E7F985F515E0DE99003869B5 /* Accelerate.framework */; };
/* End PBXBuildFile section */

/* Begin PBXContainerItemProxy section */
		E4328147138ABC890047C5CB /* PBXContainerItemProxy */ = {
			isa = PBXContainerItemProxy;
			containerPortal = E4328143138ABC890047C5CB /* openFrameworksLib.xcodeproj */;
			proxyType = 2;
			remoteGlobalIDString = E4B27C1510CBEB8E00536013;
			remoteInfo = openFrameworks;
		};
		E4EEB9AB138B136A00A80321 /* PBXContainerItemProxy */ = {
			isa = PBXContainerItemProxy;
			containerPortal = E4328143138ABC890047C5CB /* openFrameworksLib.xcodeproj */;
			proxyType = 1;
			remoteGlobalIDString = E4B27C1410CBEB8E00536013;
			remoteInfo = openFrameworks;
		};
/* End PBXContainerItemProxy section */

/* Begin PBXCopyFilesBuildPhase section */
		E4C2427710CC5ABF004149E2 /* CopyFiles */ = {
			isa = PBXCopyFilesBuildPhase;
			buildActionMask = 2147483647;
			dstPath = "";
			dstSubfolderSpec = 10;
			files = (
				BBAB23CB13894F3D00AA2426 /* GLUT.framework in CopyFiles */,
			);
			runOnlyForDeploymentPostprocessing = 0;
		};
/* End PBXCopyFilesBuildPhase section */

/* Begin PBXFileReference section */
		0d3785e8f7feb9257fea2d7d3e2823e6 /* ProgressHandler.h */ = {isa = PBXFileReference; explicitFileType = sourcecode.c.h; fileEncoding = 30; name = ProgressHandler.h; path = ../../../addons/ofxAssimpModelLoader/libs/assimp/include/ProgressHandler.h; sourceTree = SOURCE_ROOT; };
		12a495636e8f8086e17251c020a83154 /* LogStream.h */ = {isa = PBXFileReference; explicitFileType = sourcecode.c.h; fileEncoding = 30; name = LogStream.h; path = ../../../addons/ofxAssimpModelLoader/libs/assimp/include/LogStream.h; sourceTree = SOURCE_ROOT; };
		12b3cd0d48ad549f971eb5868110556d /* ofxOpenNI.cpp */ = {isa = PBXFileReference; explicitFileType = sourcecode.cpp.cpp; fileEncoding = 30; name = ofxOpenNI.cpp; path = ../../../addons/ofxOpenNI/src/ofxOpenNI.cpp; sourceTree = SOURCE_ROOT; };
		1510e35407533b95f05c297d33f87724 /* ofxOpenNITypes.cpp */ = {isa = PBXFileReference; explicitFileType = sourcecode.cpp.cpp; fileEncoding = 30; name = ofxOpenNITypes.cpp; path = ../../../addons/ofxOpenNI/src/ofxOpenNITypes.cpp; sourceTree = SOURCE_ROOT; };
		1aa18353f9701b01731dfadf228466c5 /* poppack1.h */ = {isa = PBXFileReference; explicitFileType = sourcecode.c.h; fileEncoding = 30; name = poppack1.h; path = ../../../addons/ofxAssimpModelLoader/libs/assimp/include/Compiler/poppack1.h; sourceTree = SOURCE_ROOT; };
		1b2b8dd25ba5cc157bedbcf0a4512832 /* aiColor4D.h */ = {isa = PBXFileReference; explicitFileType = sourcecode.c.h; fileEncoding = 30; name = aiColor4D.h; path = ../../../addons/ofxAssimpModelLoader/libs/assimp/include/aiColor4D.h; sourceTree = SOURCE_ROOT; };
		1eaed5cffef5186b868078917fbc5992 /* aiAssert.h */ = {isa = PBXFileReference; explicitFileType = sourcecode.c.h; fileEncoding = 30; name = aiAssert.h; path = ../../../addons/ofxAssimpModelLoader/libs/assimp/include/aiAssert.h; sourceTree = SOURCE_ROOT; };
		28904a3f685cce2d22b588e9936f112b /* aiVector2D.h */ = {isa = PBXFileReference; explicitFileType = sourcecode.c.h; fileEncoding = 30; name = aiVector2D.h; path = ../../../addons/ofxAssimpModelLoader/libs/assimp/include/aiVector2D.h; sourceTree = SOURCE_ROOT; };
		3dbacca958271ecb22f7ab67d74a49ce /* aiConfig.h */ = {isa = PBXFileReference; explicitFileType = sourcecode.c.h; fileEncoding = 30; name = aiConfig.h; path = ../../../addons/ofxAssimpModelLoader/libs/assimp/include/aiConfig.h; sourceTree = SOURCE_ROOT; };
		411b9b9bc0591439d8f0b056069b76d2 /* aiLight.h */ = {isa = PBXFileReference; explicitFileType = sourcecode.c.h; fileEncoding = 30; name = aiLight.h; path = ../../../addons/ofxAssimpModelLoader/libs/assimp/include/aiLight.h; sourceTree = SOURCE_ROOT; };
		508bdad7439107a619b851d205bc9cf2 /* ofxOpenNI.h */ = {isa = PBXFileReference; explicitFileType = sourcecode.c.h; fileEncoding = 30; name = ofxOpenNI.h; path = ../../../addons/ofxOpenNI/src/ofxOpenNI.h; sourceTree = SOURCE_ROOT; };
		53ea0e889f34624ce3313e04cd77bdc4 /* assimp.hpp */ = {isa = PBXFileReference; explicitFileType = sourcecode.c.h; fileEncoding = 30; name = assimp.hpp; path = ../../../addons/ofxAssimpModelLoader/libs/assimp/include/assimp.hpp; sourceTree = SOURCE_ROOT; };
		55b81b66e9935717c0fb91416f3db68f /* Logger.h */ = {isa = PBXFileReference; explicitFileType = sourcecode.c.h; fileEncoding = 30; name = Logger.h; path = ../../../addons/ofxAssimpModelLoader/libs/assimp/include/Logger.h; sourceTree = SOURCE_ROOT; };
		564045ef0424b7037832d90382f88900 /* assimp.h */ = {isa = PBXFileReference; explicitFileType = sourcecode.c.h; fileEncoding = 30; name = assimp.h; path = ../../../addons/ofxAssimpModelLoader/libs/assimp/include/assimp.h; sourceTree = SOURCE_ROOT; };
		5e154ce6eae1c51e3e6c3afe877468db /* aiMesh.h */ = {isa = PBXFileReference; explicitFileType = sourcecode.c.h; fileEncoding = 30; name = aiMesh.h; path = ../../../addons/ofxAssimpModelLoader/libs/assimp/include/aiMesh.h; sourceTree = SOURCE_ROOT; };
		65bac5a3b9c9387859a2b0e01dd0c5e7 /* pushpack1.h */ = {isa = PBXFileReference; explicitFileType = sourcecode.c.h; fileEncoding = 30; name = pushpack1.h; path = ../../../addons/ofxAssimpModelLoader/libs/assimp/include/Compiler/pushpack1.h; sourceTree = SOURCE_ROOT; };
		7376e26531d91026464d8c58a27b7069 /* aiFileIO.h */ = {isa = PBXFileReference; explicitFileType = sourcecode.c.h; fileEncoding = 30; name = aiFileIO.h; path = ../../../addons/ofxAssimpModelLoader/libs/assimp/include/aiFileIO.h; sourceTree = SOURCE_ROOT; };
		7da8f80a221c83c141fd02b1bf0fd401 /* aiDefines.h */ = {isa = PBXFileReference; explicitFileType = sourcecode.c.h; fileEncoding = 30; name = aiDefines.h; path = ../../../addons/ofxAssimpModelLoader/libs/assimp/include/aiDefines.h; sourceTree = SOURCE_ROOT; };
		7df381f656e8fd352e21346e62796c7d /* ofxAssimpModelLoader.h */ = {isa = PBXFileReference; explicitFileType = sourcecode.c.h; fileEncoding = 30; name = ofxAssimpModelLoader.h; path = ../../../addons/ofxAssimpModelLoader/src/ofxAssimpModelLoader.h; sourceTree = SOURCE_ROOT; };
		838b1d2c3319363cf8762b067909ebfc /* aiCamera.h */ = {isa = PBXFileReference; explicitFileType = sourcecode.c.h; fileEncoding = 30; name = aiCamera.h; path = ../../../addons/ofxAssimpModelLoader/libs/assimp/include/aiCamera.h; sourceTree = SOURCE_ROOT; };
		8504ff32a0062075b2b34f3ce8f21a72 /* aiMatrix3x3.h */ = {isa = PBXFileReference; explicitFileType = sourcecode.c.h; fileEncoding = 30; name = aiMatrix3x3.h; path = ../../../addons/ofxAssimpModelLoader/libs/assimp/include/aiMatrix3x3.h; sourceTree = SOURCE_ROOT; };
		8eb7e3aa842b22a0d284ea31e39e4301 /* aiScene.h */ = {isa = PBXFileReference; explicitFileType = sourcecode.c.h; fileEncoding = 30; name = aiScene.h; path = ../../../addons/ofxAssimpModelLoader/libs/assimp/include/aiScene.h; sourceTree = SOURCE_ROOT; };
		8ebbbb59caed1e54f37c7038f27990ee /* IOSystem.h */ = {isa = PBXFileReference; explicitFileType = sourcecode.c.h; fileEncoding = 30; name = IOSystem.h; path = ../../../addons/ofxAssimpModelLoader/libs/assimp/include/IOSystem.h; sourceTree = SOURCE_ROOT; };
		8f20cd8ede8a4f9c69b4e8d8aa5cea38 /* ofxOpenNIUtils.h */ = {isa = PBXFileReference; explicitFileType = sourcecode.c.h; fileEncoding = 30; name = ofxOpenNIUtils.h; path = ../../../addons/ofxOpenNI/src/ofxOpenNIUtils.h; sourceTree = SOURCE_ROOT; };
		907f2521dc2465da06c6af1d1c18c799 /* aiAnim.h */ = {isa = PBXFileReference; explicitFileType = sourcecode.c.h; fileEncoding = 30; name = aiAnim.h; path = ../../../addons/ofxAssimpModelLoader/libs/assimp/include/aiAnim.h; sourceTree = SOURCE_ROOT; };
		9812ab5b873dce671edd4e6ddd281e54 /* aiTypes.h */ = {isa = PBXFileReference; explicitFileType = sourcecode.c.h; fileEncoding = 30; name = aiTypes.h; path = ../../../addons/ofxAssimpModelLoader/libs/assimp/include/aiTypes.h; sourceTree = SOURCE_ROOT; };
		9d3fbfbcc1ee3203c85613ccf7e80431 /* DefaultLogger.h */ = {isa = PBXFileReference; explicitFileType = sourcecode.c.h; fileEncoding = 30; name = DefaultLogger.h; path = ../../../addons/ofxAssimpModelLoader/libs/assimp/include/DefaultLogger.h; sourceTree = SOURCE_ROOT; };
		BBAB23BE13894E4700AA2426 /* GLUT.framework */ = {isa = PBXFileReference; lastKnownFileType = wrapper.framework; name = GLUT.framework; path = ../../../libs/glut/lib/osx/GLUT.framework; sourceTree = "<group>"; };
		BCA1D07B16D031CD009D9B80 /* libusb.h */ = {isa = PBXFileReference; fileEncoding = 4; lastKnownFileType = sourcecode.c.h; path = libusb.h; sourceTree = "<group>"; };
		BCA1D07D16D031CD009D9B80 /* XnCommon.h */ = {isa = PBXFileReference; fileEncoding = 4; lastKnownFileType = sourcecode.c.h; path = XnCommon.h; sourceTree = "<group>"; };
		BCA1D07E16D031CD009D9B80 /* XnV3DVector.h */ = {isa = PBXFileReference; fileEncoding = 4; lastKnownFileType = sourcecode.c.h; path = XnV3DVector.h; sourceTree = "<group>"; };
		BCA1D07F16D031CD009D9B80 /* XnVActivationMessage.h */ = {isa = PBXFileReference; fileEncoding = 4; lastKnownFileType = sourcecode.c.h; path = XnVActivationMessage.h; sourceTree = "<group>"; };
		BCA1D08016D031CD009D9B80 /* XnVBroadcaster.h */ = {isa = PBXFileReference; fileEncoding = 4; lastKnownFileType = sourcecode.c.h; path = XnVBroadcaster.h; sourceTree = "<group>"; };
		BCA1D08116D031CD009D9B80 /* XnVCCMessage.h */ = {isa = PBXFileReference; fileEncoding = 4; lastKnownFileType = sourcecode.c.h; path = XnVCCMessage.h; sourceTree = "<group>"; };
		BCA1D08216D031CD009D9B80 /* XnVCircle.h */ = {isa = PBXFileReference; fileEncoding = 4; lastKnownFileType = sourcecode.c.h; path = XnVCircle.h; sourceTree = "<group>"; };
		BCA1D08316D031CD009D9B80 /* XnVCircleDetector.h */ = {isa = PBXFileReference; fileEncoding = 4; lastKnownFileType = sourcecode.c.h; path = XnVCircleDetector.h; sourceTree = "<group>"; };
		BCA1D08416D031CD009D9B80 /* XnVClickableVirtualPlane.h */ = {isa = PBXFileReference; fileEncoding = 4; lastKnownFileType = sourcecode.c.h; path = XnVClickableVirtualPlane.h; sourceTree = "<group>"; };
		BCA1D08516D031CD009D9B80 /* XnVComplexMessage.h */ = {isa = PBXFileReference; fileEncoding = 4; lastKnownFileType = sourcecode.c.h; path = XnVComplexMessage.h; sourceTree = "<group>"; };
		BCA1D08616D031CD009D9B80 /* XnVDepthControl.h */ = {isa = PBXFileReference; fileEncoding = 4; lastKnownFileType = sourcecode.c.h; path = XnVDepthControl.h; sourceTree = "<group>"; };
		BCA1D08716D031CD009D9B80 /* XnVDepthGenerator.h */ = {isa = PBXFileReference; fileEncoding = 4; lastKnownFileType = sourcecode.c.h; path = XnVDepthGenerator.h; sourceTree = "<group>"; };
		BCA1D08816D031CD009D9B80 /* XnVDepthMessage.h */ = {isa = PBXFileReference; fileEncoding = 4; lastKnownFileType = sourcecode.c.h; path = XnVDepthMessage.h; sourceTree = "<group>"; };
		BCA1D08916D031CD009D9B80 /* XnVDeviceControl.h */ = {isa = PBXFileReference; fileEncoding = 4; lastKnownFileType = sourcecode.c.h; path = XnVDeviceControl.h; sourceTree = "<group>"; };
		BCA1D08A16D031CD009D9B80 /* XnVDeviceFilter.h */ = {isa = PBXFileReference; fileEncoding = 4; lastKnownFileType = sourcecode.c.h; path = XnVDeviceFilter.h; sourceTree = "<group>"; };
		BCA1D08B16D031CD009D9B80 /* XnVDeviceGenerator.h */ = {isa = PBXFileReference; fileEncoding = 4; lastKnownFileType = sourcecode.c.h; path = XnVDeviceGenerator.h; sourceTree = "<group>"; };
		BCA1D08C16D031CD009D9B80 /* XnVDeviceMessage.h */ = {isa = PBXFileReference; fileEncoding = 4; lastKnownFileType = sourcecode.c.h; path = XnVDeviceMessage.h; sourceTree = "<group>"; };
		BCA1D08D16D031CD009D9B80 /* XnVDirection.h */ = {isa = PBXFileReference; fileEncoding = 4; lastKnownFileType = sourcecode.c.h; path = XnVDirection.h; sourceTree = "<group>"; };
		BCA1D08E16D031CD009D9B80 /* XnVFilter.h */ = {isa = PBXFileReference; fileEncoding = 4; lastKnownFileType = sourcecode.c.h; path = XnVFilter.h; sourceTree = "<group>"; };
		BCA1D08F16D031CD009D9B80 /* XnVFlowRouter.h */ = {isa = PBXFileReference; fileEncoding = 4; lastKnownFileType = sourcecode.c.h; path = XnVFlowRouter.h; sourceTree = "<group>"; };
		BCA1D09016D031CD009D9B80 /* XnVGesture.h */ = {isa = PBXFileReference; fileEncoding = 4; lastKnownFileType = sourcecode.c.h; path = XnVGesture.h; sourceTree = "<group>"; };
		BCA1D09116D031CD009D9B80 /* XnVHandle.h */ = {isa = PBXFileReference; fileEncoding = 4; lastKnownFileType = sourcecode.c.h; path = XnVHandle.h; sourceTree = "<group>"; };
		BCA1D09216D031CD009D9B80 /* XnVHandPointContext.h */ = {isa = PBXFileReference; fileEncoding = 4; lastKnownFileType = sourcecode.c.h; path = XnVHandPointContext.h; sourceTree = "<group>"; };
		BCA1D09316D031CD009D9B80 /* XnVImageGenerator.h */ = {isa = PBXFileReference; fileEncoding = 4; lastKnownFileType = sourcecode.c.h; path = XnVImageGenerator.h; sourceTree = "<group>"; };
		BCA1D09416D031CD009D9B80 /* XnVImageMessage.h */ = {isa = PBXFileReference; fileEncoding = 4; lastKnownFileType = sourcecode.c.h; path = XnVImageMessage.h; sourceTree = "<group>"; };
		BCA1D09516D031CD009D9B80 /* XnVMathCommon.h */ = {isa = PBXFileReference; fileEncoding = 4; lastKnownFileType = sourcecode.c.h; path = XnVMathCommon.h; sourceTree = "<group>"; };
		BCA1D09616D031CD009D9B80 /* XnVMessage.h */ = {isa = PBXFileReference; fileEncoding = 4; lastKnownFileType = sourcecode.c.h; path = XnVMessage.h; sourceTree = "<group>"; };
		BCA1D09716D031CD009D9B80 /* XnVMessageGenerator.h */ = {isa = PBXFileReference; fileEncoding = 4; lastKnownFileType = sourcecode.c.h; path = XnVMessageGenerator.h; sourceTree = "<group>"; };
		BCA1D09816D031CD009D9B80 /* XnVMessageListener.h */ = {isa = PBXFileReference; fileEncoding = 4; lastKnownFileType = sourcecode.c.h; path = XnVMessageListener.h; sourceTree = "<group>"; };
		BCA1D09916D031CD009D9B80 /* XnVMessageMux.h */ = {isa = PBXFileReference; fileEncoding = 4; lastKnownFileType = sourcecode.c.h; path = XnVMessageMux.h; sourceTree = "<group>"; };
		BCA1D09A16D031CD009D9B80 /* XnVMultiItemHysteresis1D.h */ = {isa = PBXFileReference; fileEncoding = 4; lastKnownFileType = sourcecode.c.h; path = XnVMultiItemHysteresis1D.h; sourceTree = "<group>"; };
		BCA1D09B16D031CD009D9B80 /* XnVMultiItemHysteresis2D.h */ = {isa = PBXFileReference; fileEncoding = 4; lastKnownFileType = sourcecode.c.h; path = XnVMultiItemHysteresis2D.h; sourceTree = "<group>"; };
		BCA1D09C16D031CD009D9B80 /* XnVMultipleHands.h */ = {isa = PBXFileReference; fileEncoding = 4; lastKnownFileType = sourcecode.c.h; path = XnVMultipleHands.h; sourceTree = "<group>"; };
		BCA1D09D16D031CD009D9B80 /* XnVMultiProcessFlowClient.h */ = {isa = PBXFileReference; fileEncoding = 4; lastKnownFileType = sourcecode.c.h; path = XnVMultiProcessFlowClient.h; sourceTree = "<group>"; };
		BCA1D09E16D031CD009D9B80 /* XnVMultiProcessFlowServer.h */ = {isa = PBXFileReference; fileEncoding = 4; lastKnownFileType = sourcecode.c.h; path = XnVMultiProcessFlowServer.h; sourceTree = "<group>"; };
		BCA1D09F16D031CD009D9B80 /* XnVNite.h */ = {isa = PBXFileReference; fileEncoding = 4; lastKnownFileType = sourcecode.c.h; path = XnVNite.h; sourceTree = "<group>"; };
		BCA1D0A016D031CD009D9B80 /* XnVNiteControls.h */ = {isa = PBXFileReference; fileEncoding = 4; lastKnownFileType = sourcecode.c.h; path = XnVNiteControls.h; sourceTree = "<group>"; };
		BCA1D0A116D031CD009D9B80 /* XnVNiteDefs.h */ = {isa = PBXFileReference; fileEncoding = 4; lastKnownFileType = sourcecode.c.h; path = XnVNiteDefs.h; sourceTree = "<group>"; };
		BCA1D0A216D031CD009D9B80 /* XnVNiteFramework.h */ = {isa = PBXFileReference; fileEncoding = 4; lastKnownFileType = sourcecode.c.h; path = XnVNiteFramework.h; sourceTree = "<group>"; };
		BCA1D0A316D031CD009D9B80 /* XnVNiteLog.h */ = {isa = PBXFileReference; fileEncoding = 4; lastKnownFileType = sourcecode.c.h; path = XnVNiteLog.h; sourceTree = "<group>"; };
		BCA1D0A416D031CD009D9B80 /* XnVNiteStatus.h */ = {isa = PBXFileReference; fileEncoding = 4; lastKnownFileType = sourcecode.c.h; path = XnVNiteStatus.h; sourceTree = "<group>"; };
		BCA1D0A516D031CD009D9B80 /* XnVNiteVersion.h */ = {isa = PBXFileReference; fileEncoding = 4; lastKnownFileType = sourcecode.c.h; path = XnVNiteVersion.h; sourceTree = "<group>"; };
		BCA1D0A616D031CD009D9B80 /* XnVPointArea.h */ = {isa = PBXFileReference; fileEncoding = 4; lastKnownFileType = sourcecode.c.h; path = XnVPointArea.h; sourceTree = "<group>"; };
		BCA1D0A716D031CD009D9B80 /* XnVPointControl.h */ = {isa = PBXFileReference; fileEncoding = 4; lastKnownFileType = sourcecode.c.h; path = XnVPointControl.h; sourceTree = "<group>"; };
		BCA1D0A816D031CD009D9B80 /* XnVPointDenoiser.h */ = {isa = PBXFileReference; fileEncoding = 4; lastKnownFileType = sourcecode.c.h; path = XnVPointDenoiser.h; sourceTree = "<group>"; };
		BCA1D0A916D031CD009D9B80 /* XnVPointFilter.h */ = {isa = PBXFileReference; fileEncoding = 4; lastKnownFileType = sourcecode.c.h; path = XnVPointFilter.h; sourceTree = "<group>"; };
		BCA1D0AA16D031CD009D9B80 /* XnVPointMessage.h */ = {isa = PBXFileReference; fileEncoding = 4; lastKnownFileType = sourcecode.c.h; path = XnVPointMessage.h; sourceTree = "<group>"; };
		BCA1D0AB16D031CD009D9B80 /* XnVPointTracker.h */ = {isa = PBXFileReference; fileEncoding = 4; lastKnownFileType = sourcecode.c.h; path = XnVPointTracker.h; sourceTree = "<group>"; };
		BCA1D0AC16D031CD009D9B80 /* XnVPushDetector.h */ = {isa = PBXFileReference; fileEncoding = 4; lastKnownFileType = sourcecode.c.h; path = XnVPushDetector.h; sourceTree = "<group>"; };
		BCA1D0AD16D031CD009D9B80 /* XnVSelectableSlider1D.h */ = {isa = PBXFileReference; fileEncoding = 4; lastKnownFileType = sourcecode.c.h; path = XnVSelectableSlider1D.h; sourceTree = "<group>"; };
		BCA1D0AE16D031CD009D9B80 /* XnVSelectableSlider2D.h */ = {isa = PBXFileReference; fileEncoding = 4; lastKnownFileType = sourcecode.c.h; path = XnVSelectableSlider2D.h; sourceTree = "<group>"; };
		BCA1D0AF16D031CD009D9B80 /* XnVSessionGenerator.h */ = {isa = PBXFileReference; fileEncoding = 4; lastKnownFileType = sourcecode.c.h; path = XnVSessionGenerator.h; sourceTree = "<group>"; };
		BCA1D0B016D031CD009D9B80 /* XnVSessionListener.h */ = {isa = PBXFileReference; fileEncoding = 4; lastKnownFileType = sourcecode.c.h; path = XnVSessionListener.h; sourceTree = "<group>"; };
		BCA1D0B116D031CD009D9B80 /* XnVSessionManager.h */ = {isa = PBXFileReference; fileEncoding = 4; lastKnownFileType = sourcecode.c.h; path = XnVSessionManager.h; sourceTree = "<group>"; };
		BCA1D0B216D031CD009D9B80 /* XnVSessionMessage.h */ = {isa = PBXFileReference; fileEncoding = 4; lastKnownFileType = sourcecode.c.h; path = XnVSessionMessage.h; sourceTree = "<group>"; };
		BCA1D0B316D031CD009D9B80 /* XnVSlider1D.h */ = {isa = PBXFileReference; fileEncoding = 4; lastKnownFileType = sourcecode.c.h; path = XnVSlider1D.h; sourceTree = "<group>"; };
		BCA1D0B416D031CD009D9B80 /* XnVSlider2D.h */ = {isa = PBXFileReference; fileEncoding = 4; lastKnownFileType = sourcecode.c.h; path = XnVSlider2D.h; sourceTree = "<group>"; };
		BCA1D0B516D031CD009D9B80 /* XnVSlider3D.h */ = {isa = PBXFileReference; fileEncoding = 4; lastKnownFileType = sourcecode.c.h; path = XnVSlider3D.h; sourceTree = "<group>"; };
		BCA1D0B616D031CD009D9B80 /* XnVSteadyDetector.h */ = {isa = PBXFileReference; fileEncoding = 4; lastKnownFileType = sourcecode.c.h; path = XnVSteadyDetector.h; sourceTree = "<group>"; };
		BCA1D0B716D031CD009D9B80 /* XnVSwipeDetector.h */ = {isa = PBXFileReference; fileEncoding = 4; lastKnownFileType = sourcecode.c.h; path = XnVSwipeDetector.h; sourceTree = "<group>"; };
		BCA1D0B816D031CD009D9B80 /* XnVVirtualCoordinates.h */ = {isa = PBXFileReference; fileEncoding = 4; lastKnownFileType = sourcecode.c.h; path = XnVVirtualCoordinates.h; sourceTree = "<group>"; };
		BCA1D0B916D031CD009D9B80 /* XnVWaveDetector.h */ = {isa = PBXFileReference; fileEncoding = 4; lastKnownFileType = sourcecode.c.h; path = XnVWaveDetector.h; sourceTree = "<group>"; };
		BCA1D0BC16D031CD009D9B80 /* XnPlatformAndroid-Arm.h */ = {isa = PBXFileReference; fileEncoding = 4; lastKnownFileType = sourcecode.c.h; path = "XnPlatformAndroid-Arm.h"; sourceTree = "<group>"; };
		BCA1D0BE16D031CD009D9B80 /* XnOSARC.h */ = {isa = PBXFileReference; fileEncoding = 4; lastKnownFileType = sourcecode.c.h; path = XnOSARC.h; sourceTree = "<group>"; };
		BCA1D0BF16D031CD009D9B80 /* XnPlatformARC.h */ = {isa = PBXFileReference; fileEncoding = 4; lastKnownFileType = sourcecode.c.h; path = XnPlatformARC.h; sourceTree = "<group>"; };
		BCA1D0C016D031CD009D9B80 /* IXnNodeAllocator.h */ = {isa = PBXFileReference; fileEncoding = 4; lastKnownFileType = sourcecode.c.h; path = IXnNodeAllocator.h; sourceTree = "<group>"; };
		BCA1D0C216D031CD009D9B80 /* XnPlatformLinux-Arm.h */ = {isa = PBXFileReference; fileEncoding = 4; lastKnownFileType = sourcecode.c.h; path = "XnPlatformLinux-Arm.h"; sourceTree = "<group>"; };
		BCA1D0C416D031CD009D9B80 /* XnOSLinux-x86.h */ = {isa = PBXFileReference; fileEncoding = 4; lastKnownFileType = sourcecode.c.h; path = "XnOSLinux-x86.h"; sourceTree = "<group>"; };
		BCA1D0C516D031CD009D9B80 /* XnPlatformLinux-x86.h */ = {isa = PBXFileReference; fileEncoding = 4; lastKnownFileType = sourcecode.c.h; path = "XnPlatformLinux-x86.h"; sourceTree = "<group>"; };
		BCA1D0C716D031CD009D9B80 /* XnPlatformMacOSX.h */ = {isa = PBXFileReference; fileEncoding = 4; lastKnownFileType = sourcecode.c.h; path = XnPlatformMacOSX.h; sourceTree = "<group>"; };
		BCA1D0C916D031CD009D9B80 /* usb100.h */ = {isa = PBXFileReference; fileEncoding = 4; lastKnownFileType = sourcecode.c.h; path = usb100.h; sourceTree = "<group>"; };
		BCA1D0CA16D031CD009D9B80 /* XnOSWin32.h */ = {isa = PBXFileReference; fileEncoding = 4; lastKnownFileType = sourcecode.c.h; path = XnOSWin32.h; sourceTree = "<group>"; };
		BCA1D0CB16D031CD009D9B80 /* XnPlatformWin32.h */ = {isa = PBXFileReference; fileEncoding = 4; lastKnownFileType = sourcecode.c.h; path = XnPlatformWin32.h; sourceTree = "<group>"; };
		BCA1D0CC16D031CD009D9B80 /* XnAlgorithms.h */ = {isa = PBXFileReference; fileEncoding = 4; lastKnownFileType = sourcecode.c.h; path = XnAlgorithms.h; sourceTree = "<group>"; };
		BCA1D0CD16D031CD009D9B80 /* XnArray.h */ = {isa = PBXFileReference; fileEncoding = 4; lastKnownFileType = sourcecode.c.h; path = XnArray.h; sourceTree = "<group>"; };
		BCA1D0CE16D031CD009D9B80 /* XnBaseNode.h */ = {isa = PBXFileReference; fileEncoding = 4; lastKnownFileType = sourcecode.c.h; path = XnBaseNode.h; sourceTree = "<group>"; };
		BCA1D0CF16D031CD009D9B80 /* XnBitSet.h */ = {isa = PBXFileReference; fileEncoding = 4; lastKnownFileType = sourcecode.c.h; path = XnBitSet.h; sourceTree = "<group>"; };
		BCA1D0D016D031CD009D9B80 /* XnCallback.h */ = {isa = PBXFileReference; fileEncoding = 4; lastKnownFileType = sourcecode.c.h; path = XnCallback.h; sourceTree = "<group>"; };
		BCA1D0D116D031CD009D9B80 /* XnCodecIDs.h */ = {isa = PBXFileReference; fileEncoding = 4; lastKnownFileType = sourcecode.c.h; path = XnCodecIDs.h; sourceTree = "<group>"; };
		BCA1D0D216D031CD009D9B80 /* XnContext.h */ = {isa = PBXFileReference; fileEncoding = 4; lastKnownFileType = sourcecode.c.h; path = XnContext.h; sourceTree = "<group>"; };
		BCA1D0D316D031CD009D9B80 /* XnCppWrapper.h */ = {isa = PBXFileReference; fileEncoding = 4; lastKnownFileType = sourcecode.c.h; path = XnCppWrapper.h; sourceTree = "<group>"; };
		BCA1D0D416D031CD009D9B80 /* XnDataTypes.h */ = {isa = PBXFileReference; fileEncoding = 4; lastKnownFileType = sourcecode.c.h; path = XnDataTypes.h; sourceTree = "<group>"; };
		BCA1D0D516D031CD009D9B80 /* XnDerivedCast.h */ = {isa = PBXFileReference; fileEncoding = 4; lastKnownFileType = sourcecode.c.h; path = XnDerivedCast.h; sourceTree = "<group>"; };
		BCA1D0D616D031CD009D9B80 /* XnDump.h */ = {isa = PBXFileReference; fileEncoding = 4; lastKnownFileType = sourcecode.c.h; path = XnDump.h; sourceTree = "<group>"; };
		BCA1D0D716D031CD009D9B80 /* XnDumpWriters.h */ = {isa = PBXFileReference; fileEncoding = 4; lastKnownFileType = sourcecode.c.h; path = XnDumpWriters.h; sourceTree = "<group>"; };
		BCA1D0D816D031CD009D9B80 /* XnEnumerationErrors.h */ = {isa = PBXFileReference; fileEncoding = 4; lastKnownFileType = sourcecode.c.h; path = XnEnumerationErrors.h; sourceTree = "<group>"; };
		BCA1D0D916D031CD009D9B80 /* XnEvent.h */ = {isa = PBXFileReference; fileEncoding = 4; lastKnownFileType = sourcecode.c.h; path = XnEvent.h; sourceTree = "<group>"; };
		BCA1D0DA16D031CD009D9B80 /* XnFPSCalculator.h */ = {isa = PBXFileReference; fileEncoding = 4; lastKnownFileType = sourcecode.c.h; path = XnFPSCalculator.h; sourceTree = "<group>"; };
		BCA1D0DB16D031CD009D9B80 /* XnGeneralBuffer.h */ = {isa = PBXFileReference; fileEncoding = 4; lastKnownFileType = sourcecode.c.h; path = XnGeneralBuffer.h; sourceTree = "<group>"; };
		BCA1D0DC16D031CD009D9B80 /* XnHash.h */ = {isa = PBXFileReference; fileEncoding = 4; lastKnownFileType = sourcecode.c.h; path = XnHash.h; sourceTree = "<group>"; };
		BCA1D0DD16D031CD009D9B80 /* XnInternalDefs.h */ = {isa = PBXFileReference; fileEncoding = 4; lastKnownFileType = sourcecode.c.h; path = XnInternalDefs.h; sourceTree = "<group>"; };
		BCA1D0DE16D031CD009D9B80 /* XnLicensing.h */ = {isa = PBXFileReference; fileEncoding = 4; lastKnownFileType = sourcecode.c.h; path = XnLicensing.h; sourceTree = "<group>"; };
		BCA1D0DF16D031CD009D9B80 /* XnList.h */ = {isa = PBXFileReference; fileEncoding = 4; lastKnownFileType = sourcecode.c.h; path = XnList.h; sourceTree = "<group>"; };
		BCA1D0E016D031CD009D9B80 /* XnLog.h */ = {isa = PBXFileReference; fileEncoding = 4; lastKnownFileType = sourcecode.c.h; path = XnLog.h; sourceTree = "<group>"; };
		BCA1D0E116D031CD009D9B80 /* XnLogTypes.h */ = {isa = PBXFileReference; fileEncoding = 4; lastKnownFileType = sourcecode.c.h; path = XnLogTypes.h; sourceTree = "<group>"; };
		BCA1D0E216D031CD009D9B80 /* XnLogWriterBase.h */ = {isa = PBXFileReference; fileEncoding = 4; lastKnownFileType = sourcecode.c.h; path = XnLogWriterBase.h; sourceTree = "<group>"; };
		BCA1D0E316D031CD009D9B80 /* XnMacros.h */ = {isa = PBXFileReference; fileEncoding = 4; lastKnownFileType = sourcecode.c.h; path = XnMacros.h; sourceTree = "<group>"; };
		BCA1D0E416D031CD009D9B80 /* XnModuleCFunctions.h */ = {isa = PBXFileReference; fileEncoding = 4; lastKnownFileType = sourcecode.c.h; path = XnModuleCFunctions.h; sourceTree = "<group>"; };
		BCA1D0E516D031CD009D9B80 /* XnModuleCppInterface.h */ = {isa = PBXFileReference; fileEncoding = 4; lastKnownFileType = sourcecode.c.h; path = XnModuleCppInterface.h; sourceTree = "<group>"; };
		BCA1D0E616D031CD009D9B80 /* XnModuleCppRegistratration.h */ = {isa = PBXFileReference; fileEncoding = 4; lastKnownFileType = sourcecode.c.h; path = XnModuleCppRegistratration.h; sourceTree = "<group>"; };
		BCA1D0E716D031CD009D9B80 /* XnModuleInterface.h */ = {isa = PBXFileReference; fileEncoding = 4; lastKnownFileType = sourcecode.c.h; path = XnModuleInterface.h; sourceTree = "<group>"; };
		BCA1D0E816D031CD009D9B80 /* XnNode.h */ = {isa = PBXFileReference; fileEncoding = 4; lastKnownFileType = sourcecode.c.h; path = XnNode.h; sourceTree = "<group>"; };
		BCA1D0E916D031CD009D9B80 /* XnNodeAllocator.h */ = {isa = PBXFileReference; fileEncoding = 4; lastKnownFileType = sourcecode.c.h; path = XnNodeAllocator.h; sourceTree = "<group>"; };
		BCA1D0EA16D031CD009D9B80 /* XnOpenNI.h */ = {isa = PBXFileReference; fileEncoding = 4; lastKnownFileType = sourcecode.c.h; path = XnOpenNI.h; sourceTree = "<group>"; };
		BCA1D0EB16D031CD009D9B80 /* XnOS.h */ = {isa = PBXFileReference; fileEncoding = 4; lastKnownFileType = sourcecode.c.h; path = XnOS.h; sourceTree = "<group>"; };
		BCA1D0EC16D031CD009D9B80 /* XnOSCpp.h */ = {isa = PBXFileReference; fileEncoding = 4; lastKnownFileType = sourcecode.c.h; path = XnOSCpp.h; sourceTree = "<group>"; };
		BCA1D0ED16D031CD009D9B80 /* XnOSMemory.h */ = {isa = PBXFileReference; fileEncoding = 4; lastKnownFileType = sourcecode.c.h; path = XnOSMemory.h; sourceTree = "<group>"; };
		BCA1D0EE16D031CD009D9B80 /* XnOSStrings.h */ = {isa = PBXFileReference; fileEncoding = 4; lastKnownFileType = sourcecode.c.h; path = XnOSStrings.h; sourceTree = "<group>"; };
		BCA1D0EF16D031CD009D9B80 /* XnPlatform.h */ = {isa = PBXFileReference; fileEncoding = 4; lastKnownFileType = sourcecode.c.h; path = XnPlatform.h; sourceTree = "<group>"; };
		BCA1D0F016D031CD009D9B80 /* XnPrdNode.h */ = {isa = PBXFileReference; fileEncoding = 4; lastKnownFileType = sourcecode.c.h; path = XnPrdNode.h; sourceTree = "<group>"; };
		BCA1D0F116D031CD009D9B80 /* XnPrdNodeInfo.h */ = {isa = PBXFileReference; fileEncoding = 4; lastKnownFileType = sourcecode.c.h; path = XnPrdNodeInfo.h; sourceTree = "<group>"; };
		BCA1D0F216D031CD009D9B80 /* XnPrdNodeInfoList.h */ = {isa = PBXFileReference; fileEncoding = 4; lastKnownFileType = sourcecode.c.h; path = XnPrdNodeInfoList.h; sourceTree = "<group>"; };
		BCA1D0F316D031CD009D9B80 /* XnProfiling.h */ = {isa = PBXFileReference; fileEncoding = 4; lastKnownFileType = sourcecode.c.h; path = XnProfiling.h; sourceTree = "<group>"; };
		BCA1D0F416D031CD009D9B80 /* XnPropNames.h */ = {isa = PBXFileReference; fileEncoding = 4; lastKnownFileType = sourcecode.c.h; path = XnPropNames.h; sourceTree = "<group>"; };
		BCA1D0F516D031CD009D9B80 /* XnQueries.h */ = {isa = PBXFileReference; fileEncoding = 4; lastKnownFileType = sourcecode.c.h; path = XnQueries.h; sourceTree = "<group>"; };
		BCA1D0F616D031CD009D9B80 /* XnQueue.h */ = {isa = PBXFileReference; fileEncoding = 4; lastKnownFileType = sourcecode.c.h; path = XnQueue.h; sourceTree = "<group>"; };
		BCA1D0F716D031CD009D9B80 /* XnScheduler.h */ = {isa = PBXFileReference; fileEncoding = 4; lastKnownFileType = sourcecode.c.h; path = XnScheduler.h; sourceTree = "<group>"; };
		BCA1D0F816D031CD009D9B80 /* XnStack.h */ = {isa = PBXFileReference; fileEncoding = 4; lastKnownFileType = sourcecode.c.h; path = XnStack.h; sourceTree = "<group>"; };
		BCA1D0F916D031CD009D9B80 /* XnStatus.h */ = {isa = PBXFileReference; fileEncoding = 4; lastKnownFileType = sourcecode.c.h; path = XnStatus.h; sourceTree = "<group>"; };
		BCA1D0FA16D031CD009D9B80 /* XnStatusCodes.h */ = {isa = PBXFileReference; fileEncoding = 4; lastKnownFileType = sourcecode.c.h; path = XnStatusCodes.h; sourceTree = "<group>"; };
		BCA1D0FB16D031CD009D9B80 /* XnStatusRegister.h */ = {isa = PBXFileReference; fileEncoding = 4; lastKnownFileType = sourcecode.c.h; path = XnStatusRegister.h; sourceTree = "<group>"; };
		BCA1D0FC16D031CD009D9B80 /* XnStringsHash.h */ = {isa = PBXFileReference; fileEncoding = 4; lastKnownFileType = sourcecode.c.h; path = XnStringsHash.h; sourceTree = "<group>"; };
		BCA1D0FD16D031CD009D9B80 /* XnThreadSafeQueue.h */ = {isa = PBXFileReference; fileEncoding = 4; lastKnownFileType = sourcecode.c.h; path = XnThreadSafeQueue.h; sourceTree = "<group>"; };
		BCA1D0FE16D031CD009D9B80 /* XnTypes.h */ = {isa = PBXFileReference; fileEncoding = 4; lastKnownFileType = sourcecode.c.h; path = XnTypes.h; sourceTree = "<group>"; };
		BCA1D0FF16D031CD009D9B80 /* XnUSB.h */ = {isa = PBXFileReference; fileEncoding = 4; lastKnownFileType = sourcecode.c.h; path = XnUSB.h; sourceTree = "<group>"; };
		BCA1D10016D031CD009D9B80 /* XnUSBDevice.h */ = {isa = PBXFileReference; fileEncoding = 4; lastKnownFileType = sourcecode.c.h; path = XnUSBDevice.h; sourceTree = "<group>"; };
		BCA1D10116D031CD009D9B80 /* XnUtils.h */ = {isa = PBXFileReference; fileEncoding = 4; lastKnownFileType = sourcecode.c.h; path = XnUtils.h; sourceTree = "<group>"; };
		BCA1D10216D031CD009D9B80 /* XnVersion.h */ = {isa = PBXFileReference; fileEncoding = 4; lastKnownFileType = sourcecode.c.h; path = XnVersion.h; sourceTree = "<group>"; };
		BCA1D10416D031EF009D9B80 /* change_exec_paths.sh */ = {isa = PBXFileReference; fileEncoding = 4; lastKnownFileType = text.script.sh; path = change_exec_paths.sh; sourceTree = "<group>"; };
		BCA1D10516D031EF009D9B80 /* libnimCodecs.dylib */ = {isa = PBXFileReference; lastKnownFileType = "compiled.mach-o.dylib"; path = libnimCodecs.dylib; sourceTree = "<group>"; };
		BCA1D10616D031EF009D9B80 /* libnimMockNodes.dylib */ = {isa = PBXFileReference; lastKnownFileType = "compiled.mach-o.dylib"; path = libnimMockNodes.dylib; sourceTree = "<group>"; };
		BCA1D10716D031EF009D9B80 /* libnimRecorder.dylib */ = {isa = PBXFileReference; lastKnownFileType = "compiled.mach-o.dylib"; path = libnimRecorder.dylib; sourceTree = "<group>"; };
		BCA1D10816D031EF009D9B80 /* libOpenNI.dylib */ = {isa = PBXFileReference; lastKnownFileType = "compiled.mach-o.dylib"; path = libOpenNI.dylib; sourceTree = "<group>"; };
		BCA1D10916D031EF009D9B80 /* libusb-1.0.0.dylib */ = {isa = PBXFileReference; lastKnownFileType = "compiled.mach-o.dylib"; path = "libusb-1.0.0.dylib"; sourceTree = "<group>"; };
		BCA1D10A16D031EF009D9B80 /* libXnCore.dylib */ = {isa = PBXFileReference; lastKnownFileType = "compiled.mach-o.dylib"; path = libXnCore.dylib; sourceTree = "<group>"; };
		BCA1D10B16D031EF009D9B80 /* libXnDDK.dylib */ = {isa = PBXFileReference; lastKnownFileType = "compiled.mach-o.dylib"; path = libXnDDK.dylib; sourceTree = "<group>"; };
		BCA1D10C16D031EF009D9B80 /* libXnDeviceFile.dylib */ = {isa = PBXFileReference; lastKnownFileType = "compiled.mach-o.dylib"; path = libXnDeviceFile.dylib; sourceTree = "<group>"; };
		BCA1D10D16D031EF009D9B80 /* libXnDeviceSensorV2KM.dylib */ = {isa = PBXFileReference; lastKnownFileType = "compiled.mach-o.dylib"; path = libXnDeviceSensorV2KM.dylib; sourceTree = "<group>"; };
		BCA1D10E16D031EF009D9B80 /* libXnFormats.dylib */ = {isa = PBXFileReference; lastKnownFileType = "compiled.mach-o.dylib"; path = libXnFormats.dylib; sourceTree = "<group>"; };
		BCA1D10F16D031EF009D9B80 /* libXnVCNITE_1_5_2.dylib */ = {isa = PBXFileReference; lastKnownFileType = "compiled.mach-o.dylib"; path = libXnVCNITE_1_5_2.dylib; sourceTree = "<group>"; };
		BCA1D11016D031EF009D9B80 /* libXnVFeatures_1_5_2.dylib */ = {isa = PBXFileReference; lastKnownFileType = "compiled.mach-o.dylib"; path = libXnVFeatures_1_5_2.dylib; sourceTree = "<group>"; };
		BCA1D11116D031EF009D9B80 /* libXnVHandGenerator_1_5_2.dylib */ = {isa = PBXFileReference; lastKnownFileType = "compiled.mach-o.dylib"; path = libXnVHandGenerator_1_5_2.dylib; sourceTree = "<group>"; };
		BCA1D11216D031EF009D9B80 /* libXnVNite_1_5_2.dylib */ = {isa = PBXFileReference; lastKnownFileType = "compiled.mach-o.dylib"; path = libXnVNite_1_5_2.dylib; sourceTree = "<group>"; };
		E4328143138ABC890047C5CB /* openFrameworksLib.xcodeproj */ = {isa = PBXFileReference; lastKnownFileType = "wrapper.pb-project"; name = openFrameworksLib.xcodeproj; path = ../../../libs/openFrameworksCompiled/project/osx/openFrameworksLib.xcodeproj; sourceTree = SOURCE_ROOT; };
		E45BE9710E8CC7DD009D7055 /* AGL.framework */ = {isa = PBXFileReference; lastKnownFileType = wrapper.framework; name = AGL.framework; path = /System/Library/Frameworks/AGL.framework; sourceTree = "<absolute>"; };
		E45BE9720E8CC7DD009D7055 /* ApplicationServices.framework */ = {isa = PBXFileReference; lastKnownFileType = wrapper.framework; name = ApplicationServices.framework; path = /System/Library/Frameworks/ApplicationServices.framework; sourceTree = "<absolute>"; };
		E45BE9730E8CC7DD009D7055 /* AudioToolbox.framework */ = {isa = PBXFileReference; lastKnownFileType = wrapper.framework; name = AudioToolbox.framework; path = /System/Library/Frameworks/AudioToolbox.framework; sourceTree = "<absolute>"; };
		E45BE9740E8CC7DD009D7055 /* Carbon.framework */ = {isa = PBXFileReference; lastKnownFileType = wrapper.framework; name = Carbon.framework; path = /System/Library/Frameworks/Carbon.framework; sourceTree = "<absolute>"; };
		E45BE9750E8CC7DD009D7055 /* CoreAudio.framework */ = {isa = PBXFileReference; lastKnownFileType = wrapper.framework; name = CoreAudio.framework; path = /System/Library/Frameworks/CoreAudio.framework; sourceTree = "<absolute>"; };
		E45BE9760E8CC7DD009D7055 /* CoreFoundation.framework */ = {isa = PBXFileReference; lastKnownFileType = wrapper.framework; name = CoreFoundation.framework; path = /System/Library/Frameworks/CoreFoundation.framework; sourceTree = "<absolute>"; };
		E45BE9770E8CC7DD009D7055 /* CoreServices.framework */ = {isa = PBXFileReference; lastKnownFileType = wrapper.framework; name = CoreServices.framework; path = /System/Library/Frameworks/CoreServices.framework; sourceTree = "<absolute>"; };
		E45BE9790E8CC7DD009D7055 /* OpenGL.framework */ = {isa = PBXFileReference; lastKnownFileType = wrapper.framework; name = OpenGL.framework; path = /System/Library/Frameworks/OpenGL.framework; sourceTree = "<absolute>"; };
		E45BE97A0E8CC7DD009D7055 /* QuickTime.framework */ = {isa = PBXFileReference; lastKnownFileType = wrapper.framework; name = QuickTime.framework; path = /System/Library/Frameworks/QuickTime.framework; sourceTree = "<absolute>"; };
		E4B69B5B0A3A1756003C02F2 /* JungleDebug.app */ = {isa = PBXFileReference; explicitFileType = wrapper.application; includeInIndex = 0; path = JungleDebug.app; sourceTree = BUILT_PRODUCTS_DIR; };
		E4B69E1D0A3A1BDC003C02F2 /* main.cpp */ = {isa = PBXFileReference; fileEncoding = 30; lastKnownFileType = sourcecode.cpp.cpp; name = main.cpp; path = src/main.cpp; sourceTree = SOURCE_ROOT; };
		E4B69E1E0A3A1BDC003C02F2 /* testApp.cpp */ = {isa = PBXFileReference; explicitFileType = sourcecode.cpp.cpp; fileEncoding = 30; name = testApp.cpp; path = src/testApp.cpp; sourceTree = SOURCE_ROOT; };
		E4B69E1F0A3A1BDC003C02F2 /* testApp.h */ = {isa = PBXFileReference; fileEncoding = 30; lastKnownFileType = sourcecode.c.h; name = testApp.h; path = src/testApp.h; sourceTree = SOURCE_ROOT; };
		E4B6FCAD0C3E899E008CF71C /* openFrameworks-Info.plist */ = {isa = PBXFileReference; fileEncoding = 30; lastKnownFileType = text.plist.xml; path = "openFrameworks-Info.plist"; sourceTree = "<group>"; };
		E4C2424410CC5A17004149E2 /* AppKit.framework */ = {isa = PBXFileReference; lastKnownFileType = wrapper.framework; name = AppKit.framework; path = /System/Library/Frameworks/AppKit.framework; sourceTree = "<absolute>"; };
		E4C2424510CC5A17004149E2 /* Cocoa.framework */ = {isa = PBXFileReference; lastKnownFileType = wrapper.framework; name = Cocoa.framework; path = /System/Library/Frameworks/Cocoa.framework; sourceTree = "<absolute>"; };
		E4C2424610CC5A17004149E2 /* IOKit.framework */ = {isa = PBXFileReference; lastKnownFileType = wrapper.framework; name = IOKit.framework; path = /System/Library/Frameworks/IOKit.framework; sourceTree = "<absolute>"; };
		E4EB691F138AFCF100A09F29 /* CoreOF.xcconfig */ = {isa = PBXFileReference; fileEncoding = 4; lastKnownFileType = text.xcconfig; name = CoreOF.xcconfig; path = ../../../libs/openFrameworksCompiled/project/osx/CoreOF.xcconfig; sourceTree = SOURCE_ROOT; };
		E4EB6923138AFD0F00A09F29 /* Project.xcconfig */ = {isa = PBXFileReference; fileEncoding = 4; lastKnownFileType = text.xcconfig; path = Project.xcconfig; sourceTree = "<group>"; };
		E7E077E415D3B63C0020DFD4 /* CoreVideo.framework */ = {isa = PBXFileReference; lastKnownFileType = wrapper.framework; name = CoreVideo.framework; path = /System/Library/Frameworks/CoreVideo.framework; sourceTree = "<absolute>"; };
		E7E077E715D3B6510020DFD4 /* QTKit.framework */ = {isa = PBXFileReference; lastKnownFileType = wrapper.framework; name = QTKit.framework; path = /System/Library/Frameworks/QTKit.framework; sourceTree = "<absolute>"; };
		E7F985F515E0DE99003869B5 /* Accelerate.framework */ = {isa = PBXFileReference; lastKnownFileType = wrapper.framework; name = Accelerate.framework; path = /System/Library/Frameworks/Accelerate.framework; sourceTree = "<absolute>"; };
		b170ee628be77202946345e5f0de71e9 /* aiPostProcess.h */ = {isa = PBXFileReference; explicitFileType = sourcecode.c.h; fileEncoding = 30; name = aiPostProcess.h; path = ../../../addons/ofxAssimpModelLoader/libs/assimp/include/aiPostProcess.h; sourceTree = SOURCE_ROOT; };
		bcc2d6cec8482c753c08447d4fdbd775 /* ofxOpenNITypes.h */ = {isa = PBXFileReference; explicitFileType = sourcecode.c.h; fileEncoding = 30; name = ofxOpenNITypes.h; path = ../../../addons/ofxOpenNI/src/ofxOpenNITypes.h; sourceTree = SOURCE_ROOT; };
		c5527ea29f52ffa0c868e1b945f4c509 /* NullLogger.h */ = {isa = PBXFileReference; explicitFileType = sourcecode.c.h; fileEncoding = 30; name = NullLogger.h; path = ../../../addons/ofxAssimpModelLoader/libs/assimp/include/NullLogger.h; sourceTree = SOURCE_ROOT; };
		c72403edcb7dcaec60d1dcdd13017e0c /* aiVersion.h */ = {isa = PBXFileReference; explicitFileType = sourcecode.c.h; fileEncoding = 30; name = aiVersion.h; path = ../../../addons/ofxAssimpModelLoader/libs/assimp/include/aiVersion.h; sourceTree = SOURCE_ROOT; };
		c878437fc072e5d613f2495ac838b698 /* aiTexture.h */ = {isa = PBXFileReference; explicitFileType = sourcecode.c.h; fileEncoding = 30; name = aiTexture.h; path = ../../../addons/ofxAssimpModelLoader/libs/assimp/include/aiTexture.h; sourceTree = SOURCE_ROOT; };
		cb6e898fb329c46ec3def46127b7f74e /* aiMatrix4x4.h */ = {isa = PBXFileReference; explicitFileType = sourcecode.c.h; fileEncoding = 30; name = aiMatrix4x4.h; path = ../../../addons/ofxAssimpModelLoader/libs/assimp/include/aiMatrix4x4.h; sourceTree = SOURCE_ROOT; };
		cc940533e79102644e0eba5599fb0fb6 /* IOStream.h */ = {isa = PBXFileReference; explicitFileType = sourcecode.c.h; fileEncoding = 30; name = IOStream.h; path = ../../../addons/ofxAssimpModelLoader/libs/assimp/include/IOStream.h; sourceTree = SOURCE_ROOT; };
		cea5b41d15f295720fffa3399919411b /* ofx3DBaseLoader.h */ = {isa = PBXFileReference; explicitFileType = sourcecode.c.h; fileEncoding = 30; name = ofx3DBaseLoader.h; path = ../../../addons/ofxAssimpModelLoader/src/ofx3DBaseLoader.h; sourceTree = SOURCE_ROOT; };
		da9359f0f209e6a0b17ddb7d2000d1a0 /* aiQuaternion.h */ = {isa = PBXFileReference; explicitFileType = sourcecode.c.h; fileEncoding = 30; name = aiQuaternion.h; path = ../../../addons/ofxAssimpModelLoader/libs/assimp/include/aiQuaternion.h; sourceTree = SOURCE_ROOT; };
		e15a2aa8d846b3107aacc31edd2b9a3b /* aiVector3D.h */ = {isa = PBXFileReference; explicitFileType = sourcecode.c.h; fileEncoding = 30; name = aiVector3D.h; path = ../../../addons/ofxAssimpModelLoader/libs/assimp/include/aiVector3D.h; sourceTree = SOURCE_ROOT; };
		ede55d82bd962dac0e94b708addc77b6 /* ofxAssimpModelLoader.cpp */ = {isa = PBXFileReference; explicitFileType = sourcecode.cpp.cpp; fileEncoding = 30; name = ofxAssimpModelLoader.cpp; path = ../../../addons/ofxAssimpModelLoader/src/ofxAssimpModelLoader.cpp; sourceTree = SOURCE_ROOT; };
		f0bbbd032d905d92679d83e6230f3578 /* ofxAssimpMeshHelper.h */ = {isa = PBXFileReference; explicitFileType = sourcecode.c.h; fileEncoding = 30; name = ofxAssimpMeshHelper.h; path = ../../../addons/ofxAssimpModelLoader/src/ofxAssimpMeshHelper.h; sourceTree = SOURCE_ROOT; };
		f82ef0c060cbdac33ab84f2739ec546a /* aiMaterial.h */ = {isa = PBXFileReference; explicitFileType = sourcecode.c.h; fileEncoding = 30; name = aiMaterial.h; path = ../../../addons/ofxAssimpModelLoader/libs/assimp/include/aiMaterial.h; sourceTree = SOURCE_ROOT; };
/* End PBXFileReference section */

/* Begin PBXFrameworksBuildPhase section */
		E4B69B590A3A1756003C02F2 /* Frameworks */ = {
			isa = PBXFrameworksBuildPhase;
			buildActionMask = 2147483647;
			files = (
				E7F985F815E0DEA3003869B5 /* Accelerate.framework in Frameworks */,
				E7E077E815D3B6510020DFD4 /* QTKit.framework in Frameworks */,
				E4EB6799138ADC1D00A09F29 /* GLUT.framework in Frameworks */,
				E4328149138ABC9F0047C5CB /* openFrameworksDebug.a in Frameworks */,
				E45BE97B0E8CC7DD009D7055 /* AGL.framework in Frameworks */,
				E45BE97C0E8CC7DD009D7055 /* ApplicationServices.framework in Frameworks */,
				E45BE97D0E8CC7DD009D7055 /* AudioToolbox.framework in Frameworks */,
				E45BE97E0E8CC7DD009D7055 /* Carbon.framework in Frameworks */,
				E45BE97F0E8CC7DD009D7055 /* CoreAudio.framework in Frameworks */,
				E45BE9800E8CC7DD009D7055 /* CoreFoundation.framework in Frameworks */,
				E45BE9810E8CC7DD009D7055 /* CoreServices.framework in Frameworks */,
				E45BE9830E8CC7DD009D7055 /* OpenGL.framework in Frameworks */,
				E45BE9840E8CC7DD009D7055 /* QuickTime.framework in Frameworks */,
				E4C2424710CC5A17004149E2 /* AppKit.framework in Frameworks */,
				E4C2424810CC5A17004149E2 /* Cocoa.framework in Frameworks */,
				E4C2424910CC5A17004149E2 /* IOKit.framework in Frameworks */,
				E7E077E515D3B63C0020DFD4 /* CoreVideo.framework in Frameworks */,
				BCA1D11316D031EF009D9B80 /* libnimCodecs.dylib in Frameworks */,
				BCA1D11416D031EF009D9B80 /* libnimMockNodes.dylib in Frameworks */,
				BCA1D11516D031EF009D9B80 /* libnimRecorder.dylib in Frameworks */,
				BCA1D11616D031EF009D9B80 /* libOpenNI.dylib in Frameworks */,
				BCA1D11716D031EF009D9B80 /* libusb-1.0.0.dylib in Frameworks */,
				BCA1D11816D031EF009D9B80 /* libXnCore.dylib in Frameworks */,
				BCA1D11916D031EF009D9B80 /* libXnDDK.dylib in Frameworks */,
				BCA1D11A16D031EF009D9B80 /* libXnDeviceFile.dylib in Frameworks */,
				BCA1D11B16D031EF009D9B80 /* libXnDeviceSensorV2KM.dylib in Frameworks */,
				BCA1D11C16D031EF009D9B80 /* libXnFormats.dylib in Frameworks */,
				BCA1D11D16D031F0009D9B80 /* libXnVCNITE_1_5_2.dylib in Frameworks */,
				BCA1D11E16D031F0009D9B80 /* libXnVFeatures_1_5_2.dylib in Frameworks */,
				BCA1D11F16D031F0009D9B80 /* libXnVHandGenerator_1_5_2.dylib in Frameworks */,
				BCA1D12016D031F0009D9B80 /* libXnVNite_1_5_2.dylib in Frameworks */,
			);
			runOnlyForDeploymentPostprocessing = 0;
		};
/* End PBXFrameworksBuildPhase section */

/* Begin PBXGroup section */
		2c8f245acbe61e28646c17f20b185423 /* ofxAssimpModelLoader */ = {
			isa = PBXGroup;
			children = (
				9d99f547ca5c0eccb9eb980689b7dde9 /* src */,
				c721a9af1157766afe54645eb70f1a7b /* libs */,
			);
			name = ofxAssimpModelLoader;
			sourceTree = "<group>";
		};
		4d153bdef846fa13a4c07f5f3dd7c354 /* ofxOpenNI */ = {
			isa = PBXGroup;
			children = (
				BCA1D10316D031EF009D9B80 /* lib */,
				BCA1D07916D031CD009D9B80 /* include */,
				5767954245bb19799b9a2984b61822aa /* src */,
			);
			name = ofxOpenNI;
			sourceTree = "<group>";
		};
		5767954245bb19799b9a2984b61822aa /* src */ = {
			isa = PBXGroup;
			children = (
				12b3cd0d48ad549f971eb5868110556d /* ofxOpenNI.cpp */,
				508bdad7439107a619b851d205bc9cf2 /* ofxOpenNI.h */,
				1510e35407533b95f05c297d33f87724 /* ofxOpenNITypes.cpp */,
				bcc2d6cec8482c753c08447d4fdbd775 /* ofxOpenNITypes.h */,
				8f20cd8ede8a4f9c69b4e8d8aa5cea38 /* ofxOpenNIUtils.h */,
			);
			name = src;
			sourceTree = "<group>";
		};
		59905d957fde48902cf1f72978ddcb13 /* assimp */ = {
			isa = PBXGroup;
			children = (
				eefdd7ae0009ae6f77ef2a937399e1cd /* include */,
			);
			name = assimp;
			sourceTree = "<group>";
		};
		93a9152986a73da32dbd796433b96c9f /* Compiler */ = {
			isa = PBXGroup;
			children = (
				1aa18353f9701b01731dfadf228466c5 /* poppack1.h */,
				65bac5a3b9c9387859a2b0e01dd0c5e7 /* pushpack1.h */,
			);
			name = Compiler;
			sourceTree = "<group>";
		};
		9d99f547ca5c0eccb9eb980689b7dde9 /* src */ = {
			isa = PBXGroup;
			children = (
				cea5b41d15f295720fffa3399919411b /* ofx3DBaseLoader.h */,
				f0bbbd032d905d92679d83e6230f3578 /* ofxAssimpMeshHelper.h */,
				ede55d82bd962dac0e94b708addc77b6 /* ofxAssimpModelLoader.cpp */,
				7df381f656e8fd352e21346e62796c7d /* ofxAssimpModelLoader.h */,
			);
			name = src;
			sourceTree = "<group>";
		};
		BB4B014C10F69532006C3DED /* addons */ = {
			isa = PBXGroup;
			children = (
				2c8f245acbe61e28646c17f20b185423 /* ofxAssimpModelLoader */,
				4d153bdef846fa13a4c07f5f3dd7c354 /* ofxOpenNI */,
			);
			name = addons;
			sourceTree = "<group>";
		};
		BBAB23C913894ECA00AA2426 /* system frameworks */ = {
			isa = PBXGroup;
			children = (
				E7F985F515E0DE99003869B5 /* Accelerate.framework */,
				E4C2424410CC5A17004149E2 /* AppKit.framework */,
				E4C2424510CC5A17004149E2 /* Cocoa.framework */,
				E4C2424610CC5A17004149E2 /* IOKit.framework */,
				E45BE9710E8CC7DD009D7055 /* AGL.framework */,
				E45BE9720E8CC7DD009D7055 /* ApplicationServices.framework */,
				E45BE9730E8CC7DD009D7055 /* AudioToolbox.framework */,
				E45BE9740E8CC7DD009D7055 /* Carbon.framework */,
				E45BE9750E8CC7DD009D7055 /* CoreAudio.framework */,
				E45BE9760E8CC7DD009D7055 /* CoreFoundation.framework */,
				E45BE9770E8CC7DD009D7055 /* CoreServices.framework */,
				E45BE9790E8CC7DD009D7055 /* OpenGL.framework */,
				E45BE97A0E8CC7DD009D7055 /* QuickTime.framework */,
				E7E077E415D3B63C0020DFD4 /* CoreVideo.framework */,
				E7E077E715D3B6510020DFD4 /* QTKit.framework */,
			);
			name = "system frameworks";
			sourceTree = "<group>";
		};
		BBAB23CA13894EDB00AA2426 /* 3rd party frameworks */ = {
			isa = PBXGroup;
			children = (
				BBAB23BE13894E4700AA2426 /* GLUT.framework */,
			);
			name = "3rd party frameworks";
			sourceTree = "<group>";
		};
		BCA1D07916D031CD009D9B80 /* include */ = {
			isa = PBXGroup;
			children = (
				BCA1D07A16D031CD009D9B80 /* libusb */,
				BCA1D07C16D031CD009D9B80 /* nite */,
				BCA1D0BA16D031CD009D9B80 /* openni */,
			);
			name = include;
			path = ../../../addons/ofxOpenNI/include;
			sourceTree = "<group>";
		};
		BCA1D07A16D031CD009D9B80 /* libusb */ = {
			isa = PBXGroup;
			children = (
				BCA1D07B16D031CD009D9B80 /* libusb.h */,
			);
			path = libusb;
			sourceTree = "<group>";
		};
		BCA1D07C16D031CD009D9B80 /* nite */ = {
			isa = PBXGroup;
			children = (
				BCA1D07D16D031CD009D9B80 /* XnCommon.h */,
				BCA1D07E16D031CD009D9B80 /* XnV3DVector.h */,
				BCA1D07F16D031CD009D9B80 /* XnVActivationMessage.h */,
				BCA1D08016D031CD009D9B80 /* XnVBroadcaster.h */,
				BCA1D08116D031CD009D9B80 /* XnVCCMessage.h */,
				BCA1D08216D031CD009D9B80 /* XnVCircle.h */,
				BCA1D08316D031CD009D9B80 /* XnVCircleDetector.h */,
				BCA1D08416D031CD009D9B80 /* XnVClickableVirtualPlane.h */,
				BCA1D08516D031CD009D9B80 /* XnVComplexMessage.h */,
				BCA1D08616D031CD009D9B80 /* XnVDepthControl.h */,
				BCA1D08716D031CD009D9B80 /* XnVDepthGenerator.h */,
				BCA1D08816D031CD009D9B80 /* XnVDepthMessage.h */,
				BCA1D08916D031CD009D9B80 /* XnVDeviceControl.h */,
				BCA1D08A16D031CD009D9B80 /* XnVDeviceFilter.h */,
				BCA1D08B16D031CD009D9B80 /* XnVDeviceGenerator.h */,
				BCA1D08C16D031CD009D9B80 /* XnVDeviceMessage.h */,
				BCA1D08D16D031CD009D9B80 /* XnVDirection.h */,
				BCA1D08E16D031CD009D9B80 /* XnVFilter.h */,
				BCA1D08F16D031CD009D9B80 /* XnVFlowRouter.h */,
				BCA1D09016D031CD009D9B80 /* XnVGesture.h */,
				BCA1D09116D031CD009D9B80 /* XnVHandle.h */,
				BCA1D09216D031CD009D9B80 /* XnVHandPointContext.h */,
				BCA1D09316D031CD009D9B80 /* XnVImageGenerator.h */,
				BCA1D09416D031CD009D9B80 /* XnVImageMessage.h */,
				BCA1D09516D031CD009D9B80 /* XnVMathCommon.h */,
				BCA1D09616D031CD009D9B80 /* XnVMessage.h */,
				BCA1D09716D031CD009D9B80 /* XnVMessageGenerator.h */,
				BCA1D09816D031CD009D9B80 /* XnVMessageListener.h */,
				BCA1D09916D031CD009D9B80 /* XnVMessageMux.h */,
				BCA1D09A16D031CD009D9B80 /* XnVMultiItemHysteresis1D.h */,
				BCA1D09B16D031CD009D9B80 /* XnVMultiItemHysteresis2D.h */,
				BCA1D09C16D031CD009D9B80 /* XnVMultipleHands.h */,
				BCA1D09D16D031CD009D9B80 /* XnVMultiProcessFlowClient.h */,
				BCA1D09E16D031CD009D9B80 /* XnVMultiProcessFlowServer.h */,
				BCA1D09F16D031CD009D9B80 /* XnVNite.h */,
				BCA1D0A016D031CD009D9B80 /* XnVNiteControls.h */,
				BCA1D0A116D031CD009D9B80 /* XnVNiteDefs.h */,
				BCA1D0A216D031CD009D9B80 /* XnVNiteFramework.h */,
				BCA1D0A316D031CD009D9B80 /* XnVNiteLog.h */,
				BCA1D0A416D031CD009D9B80 /* XnVNiteStatus.h */,
				BCA1D0A516D031CD009D9B80 /* XnVNiteVersion.h */,
				BCA1D0A616D031CD009D9B80 /* XnVPointArea.h */,
				BCA1D0A716D031CD009D9B80 /* XnVPointControl.h */,
				BCA1D0A816D031CD009D9B80 /* XnVPointDenoiser.h */,
				BCA1D0A916D031CD009D9B80 /* XnVPointFilter.h */,
				BCA1D0AA16D031CD009D9B80 /* XnVPointMessage.h */,
				BCA1D0AB16D031CD009D9B80 /* XnVPointTracker.h */,
				BCA1D0AC16D031CD009D9B80 /* XnVPushDetector.h */,
				BCA1D0AD16D031CD009D9B80 /* XnVSelectableSlider1D.h */,
				BCA1D0AE16D031CD009D9B80 /* XnVSelectableSlider2D.h */,
				BCA1D0AF16D031CD009D9B80 /* XnVSessionGenerator.h */,
				BCA1D0B016D031CD009D9B80 /* XnVSessionListener.h */,
				BCA1D0B116D031CD009D9B80 /* XnVSessionManager.h */,
				BCA1D0B216D031CD009D9B80 /* XnVSessionMessage.h */,
				BCA1D0B316D031CD009D9B80 /* XnVSlider1D.h */,
				BCA1D0B416D031CD009D9B80 /* XnVSlider2D.h */,
				BCA1D0B516D031CD009D9B80 /* XnVSlider3D.h */,
				BCA1D0B616D031CD009D9B80 /* XnVSteadyDetector.h */,
				BCA1D0B716D031CD009D9B80 /* XnVSwipeDetector.h */,
				BCA1D0B816D031CD009D9B80 /* XnVVirtualCoordinates.h */,
				BCA1D0B916D031CD009D9B80 /* XnVWaveDetector.h */,
			);
			path = nite;
			sourceTree = "<group>";
		};
		BCA1D0BA16D031CD009D9B80 /* openni */ = {
			isa = PBXGroup;
			children = (
				BCA1D0BB16D031CD009D9B80 /* Android-Arm */,
				BCA1D0BD16D031CD009D9B80 /* ARC */,
				BCA1D0C016D031CD009D9B80 /* IXnNodeAllocator.h */,
				BCA1D0C116D031CD009D9B80 /* Linux-Arm */,
				BCA1D0C316D031CD009D9B80 /* Linux-x86 */,
				BCA1D0C616D031CD009D9B80 /* MacOSX */,
				BCA1D0C816D031CD009D9B80 /* Win32 */,
				BCA1D0CC16D031CD009D9B80 /* XnAlgorithms.h */,
				BCA1D0CD16D031CD009D9B80 /* XnArray.h */,
				BCA1D0CE16D031CD009D9B80 /* XnBaseNode.h */,
				BCA1D0CF16D031CD009D9B80 /* XnBitSet.h */,
				BCA1D0D016D031CD009D9B80 /* XnCallback.h */,
				BCA1D0D116D031CD009D9B80 /* XnCodecIDs.h */,
				BCA1D0D216D031CD009D9B80 /* XnContext.h */,
				BCA1D0D316D031CD009D9B80 /* XnCppWrapper.h */,
				BCA1D0D416D031CD009D9B80 /* XnDataTypes.h */,
				BCA1D0D516D031CD009D9B80 /* XnDerivedCast.h */,
				BCA1D0D616D031CD009D9B80 /* XnDump.h */,
				BCA1D0D716D031CD009D9B80 /* XnDumpWriters.h */,
				BCA1D0D816D031CD009D9B80 /* XnEnumerationErrors.h */,
				BCA1D0D916D031CD009D9B80 /* XnEvent.h */,
				BCA1D0DA16D031CD009D9B80 /* XnFPSCalculator.h */,
				BCA1D0DB16D031CD009D9B80 /* XnGeneralBuffer.h */,
				BCA1D0DC16D031CD009D9B80 /* XnHash.h */,
				BCA1D0DD16D031CD009D9B80 /* XnInternalDefs.h */,
				BCA1D0DE16D031CD009D9B80 /* XnLicensing.h */,
				BCA1D0DF16D031CD009D9B80 /* XnList.h */,
				BCA1D0E016D031CD009D9B80 /* XnLog.h */,
				BCA1D0E116D031CD009D9B80 /* XnLogTypes.h */,
				BCA1D0E216D031CD009D9B80 /* XnLogWriterBase.h */,
				BCA1D0E316D031CD009D9B80 /* XnMacros.h */,
				BCA1D0E416D031CD009D9B80 /* XnModuleCFunctions.h */,
				BCA1D0E516D031CD009D9B80 /* XnModuleCppInterface.h */,
				BCA1D0E616D031CD009D9B80 /* XnModuleCppRegistratration.h */,
				BCA1D0E716D031CD009D9B80 /* XnModuleInterface.h */,
				BCA1D0E816D031CD009D9B80 /* XnNode.h */,
				BCA1D0E916D031CD009D9B80 /* XnNodeAllocator.h */,
				BCA1D0EA16D031CD009D9B80 /* XnOpenNI.h */,
				BCA1D0EB16D031CD009D9B80 /* XnOS.h */,
				BCA1D0EC16D031CD009D9B80 /* XnOSCpp.h */,
				BCA1D0ED16D031CD009D9B80 /* XnOSMemory.h */,
				BCA1D0EE16D031CD009D9B80 /* XnOSStrings.h */,
				BCA1D0EF16D031CD009D9B80 /* XnPlatform.h */,
				BCA1D0F016D031CD009D9B80 /* XnPrdNode.h */,
				BCA1D0F116D031CD009D9B80 /* XnPrdNodeInfo.h */,
				BCA1D0F216D031CD009D9B80 /* XnPrdNodeInfoList.h */,
				BCA1D0F316D031CD009D9B80 /* XnProfiling.h */,
				BCA1D0F416D031CD009D9B80 /* XnPropNames.h */,
				BCA1D0F516D031CD009D9B80 /* XnQueries.h */,
				BCA1D0F616D031CD009D9B80 /* XnQueue.h */,
				BCA1D0F716D031CD009D9B80 /* XnScheduler.h */,
				BCA1D0F816D031CD009D9B80 /* XnStack.h */,
				BCA1D0F916D031CD009D9B80 /* XnStatus.h */,
				BCA1D0FA16D031CD009D9B80 /* XnStatusCodes.h */,
				BCA1D0FB16D031CD009D9B80 /* XnStatusRegister.h */,
				BCA1D0FC16D031CD009D9B80 /* XnStringsHash.h */,
				BCA1D0FD16D031CD009D9B80 /* XnThreadSafeQueue.h */,
				BCA1D0FE16D031CD009D9B80 /* XnTypes.h */,
				BCA1D0FF16D031CD009D9B80 /* XnUSB.h */,
				BCA1D10016D031CD009D9B80 /* XnUSBDevice.h */,
				BCA1D10116D031CD009D9B80 /* XnUtils.h */,
				BCA1D10216D031CD009D9B80 /* XnVersion.h */,
			);
			path = openni;
			sourceTree = "<group>";
		};
		BCA1D0BB16D031CD009D9B80 /* Android-Arm */ = {
			isa = PBXGroup;
			children = (
				BCA1D0BC16D031CD009D9B80 /* XnPlatformAndroid-Arm.h */,
			);
			path = "Android-Arm";
			sourceTree = "<group>";
		};
		BCA1D0BD16D031CD009D9B80 /* ARC */ = {
			isa = PBXGroup;
			children = (
				BCA1D0BE16D031CD009D9B80 /* XnOSARC.h */,
				BCA1D0BF16D031CD009D9B80 /* XnPlatformARC.h */,
			);
			path = ARC;
			sourceTree = "<group>";
		};
		BCA1D0C116D031CD009D9B80 /* Linux-Arm */ = {
			isa = PBXGroup;
			children = (
				BCA1D0C216D031CD009D9B80 /* XnPlatformLinux-Arm.h */,
			);
			path = "Linux-Arm";
			sourceTree = "<group>";
		};
		BCA1D0C316D031CD009D9B80 /* Linux-x86 */ = {
			isa = PBXGroup;
			children = (
				BCA1D0C416D031CD009D9B80 /* XnOSLinux-x86.h */,
				BCA1D0C516D031CD009D9B80 /* XnPlatformLinux-x86.h */,
			);
			path = "Linux-x86";
			sourceTree = "<group>";
		};
		BCA1D0C616D031CD009D9B80 /* MacOSX */ = {
			isa = PBXGroup;
			children = (
				BCA1D0C716D031CD009D9B80 /* XnPlatformMacOSX.h */,
			);
			path = MacOSX;
			sourceTree = "<group>";
		};
		BCA1D0C816D031CD009D9B80 /* Win32 */ = {
			isa = PBXGroup;
			children = (
				BCA1D0C916D031CD009D9B80 /* usb100.h */,
				BCA1D0CA16D031CD009D9B80 /* XnOSWin32.h */,
				BCA1D0CB16D031CD009D9B80 /* XnPlatformWin32.h */,
			);
			path = Win32;
			sourceTree = "<group>";
		};
		BCA1D10316D031EF009D9B80 /* lib */ = {
			isa = PBXGroup;
			children = (
				BCA1D10416D031EF009D9B80 /* change_exec_paths.sh */,
				BCA1D10516D031EF009D9B80 /* libnimCodecs.dylib */,
				BCA1D10616D031EF009D9B80 /* libnimMockNodes.dylib */,
				BCA1D10716D031EF009D9B80 /* libnimRecorder.dylib */,
				BCA1D10816D031EF009D9B80 /* libOpenNI.dylib */,
				BCA1D10916D031EF009D9B80 /* libusb-1.0.0.dylib */,
				BCA1D10A16D031EF009D9B80 /* libXnCore.dylib */,
				BCA1D10B16D031EF009D9B80 /* libXnDDK.dylib */,
				BCA1D10C16D031EF009D9B80 /* libXnDeviceFile.dylib */,
				BCA1D10D16D031EF009D9B80 /* libXnDeviceSensorV2KM.dylib */,
				BCA1D10E16D031EF009D9B80 /* libXnFormats.dylib */,
				BCA1D10F16D031EF009D9B80 /* libXnVCNITE_1_5_2.dylib */,
				BCA1D11016D031EF009D9B80 /* libXnVFeatures_1_5_2.dylib */,
				BCA1D11116D031EF009D9B80 /* libXnVHandGenerator_1_5_2.dylib */,
				BCA1D11216D031EF009D9B80 /* libXnVNite_1_5_2.dylib */,
			);
			name = lib;
			path = bin/data/openni/lib;
			sourceTree = "<group>";
		};
		E4328144138ABC890047C5CB /* Products */ = {
			isa = PBXGroup;
			children = (
				E4328148138ABC890047C5CB /* openFrameworksDebug.a */,
			);
			name = Products;
			sourceTree = "<group>";
		};
		E45BE5980E8CC70C009D7055 /* frameworks */ = {
			isa = PBXGroup;
			children = (
				BBAB23CA13894EDB00AA2426 /* 3rd party frameworks */,
				BBAB23C913894ECA00AA2426 /* system frameworks */,
			);
			name = frameworks;
			sourceTree = "<group>";
		};
		E4B69B4A0A3A1720003C02F2 = {
			isa = PBXGroup;
			children = (
				E4B6FCAD0C3E899E008CF71C /* openFrameworks-Info.plist */,
				E4EB6923138AFD0F00A09F29 /* Project.xcconfig */,
				E4B69E1C0A3A1BDC003C02F2 /* src */,
				E4EEC9E9138DF44700A80321 /* openFrameworks */,
				BB4B014C10F69532006C3DED /* addons */,
				E45BE5980E8CC70C009D7055 /* frameworks */,
				E4B69B5B0A3A1756003C02F2 /* JungleDebug.app */,
			);
			sourceTree = "<group>";
		};
		E4B69E1C0A3A1BDC003C02F2 /* src */ = {
			isa = PBXGroup;
			children = (
				E4B69E1D0A3A1BDC003C02F2 /* main.cpp */,
				E4B69E1E0A3A1BDC003C02F2 /* testApp.cpp */,
				E4B69E1F0A3A1BDC003C02F2 /* testApp.h */,
			);
			path = src;
			sourceTree = SOURCE_ROOT;
		};
		E4EEC9E9138DF44700A80321 /* openFrameworks */ = {
			isa = PBXGroup;
			children = (
				E4EB691F138AFCF100A09F29 /* CoreOF.xcconfig */,
				E4328143138ABC890047C5CB /* openFrameworksLib.xcodeproj */,
			);
			name = openFrameworks;
			sourceTree = "<group>";
		};
		c721a9af1157766afe54645eb70f1a7b /* libs */ = {
			isa = PBXGroup;
			children = (
				59905d957fde48902cf1f72978ddcb13 /* assimp */,
			);
			name = libs;
			sourceTree = "<group>";
		};
		eefdd7ae0009ae6f77ef2a937399e1cd /* include */ = {
			isa = PBXGroup;
			children = (
				907f2521dc2465da06c6af1d1c18c799 /* aiAnim.h */,
				1eaed5cffef5186b868078917fbc5992 /* aiAssert.h */,
				838b1d2c3319363cf8762b067909ebfc /* aiCamera.h */,
				1b2b8dd25ba5cc157bedbcf0a4512832 /* aiColor4D.h */,
				3dbacca958271ecb22f7ab67d74a49ce /* aiConfig.h */,
				7da8f80a221c83c141fd02b1bf0fd401 /* aiDefines.h */,
				7376e26531d91026464d8c58a27b7069 /* aiFileIO.h */,
				411b9b9bc0591439d8f0b056069b76d2 /* aiLight.h */,
				f82ef0c060cbdac33ab84f2739ec546a /* aiMaterial.h */,
				8504ff32a0062075b2b34f3ce8f21a72 /* aiMatrix3x3.h */,
				cb6e898fb329c46ec3def46127b7f74e /* aiMatrix4x4.h */,
				5e154ce6eae1c51e3e6c3afe877468db /* aiMesh.h */,
				b170ee628be77202946345e5f0de71e9 /* aiPostProcess.h */,
				da9359f0f209e6a0b17ddb7d2000d1a0 /* aiQuaternion.h */,
				8eb7e3aa842b22a0d284ea31e39e4301 /* aiScene.h */,
				c878437fc072e5d613f2495ac838b698 /* aiTexture.h */,
				9812ab5b873dce671edd4e6ddd281e54 /* aiTypes.h */,
				28904a3f685cce2d22b588e9936f112b /* aiVector2D.h */,
				e15a2aa8d846b3107aacc31edd2b9a3b /* aiVector3D.h */,
				c72403edcb7dcaec60d1dcdd13017e0c /* aiVersion.h */,
				564045ef0424b7037832d90382f88900 /* assimp.h */,
				53ea0e889f34624ce3313e04cd77bdc4 /* assimp.hpp */,
				93a9152986a73da32dbd796433b96c9f /* Compiler */,
				9d3fbfbcc1ee3203c85613ccf7e80431 /* DefaultLogger.h */,
				cc940533e79102644e0eba5599fb0fb6 /* IOStream.h */,
				8ebbbb59caed1e54f37c7038f27990ee /* IOSystem.h */,
				55b81b66e9935717c0fb91416f3db68f /* Logger.h */,
				12a495636e8f8086e17251c020a83154 /* LogStream.h */,
				c5527ea29f52ffa0c868e1b945f4c509 /* NullLogger.h */,
				0d3785e8f7feb9257fea2d7d3e2823e6 /* ProgressHandler.h */,
			);
			name = include;
			sourceTree = "<group>";
		};
/* End PBXGroup section */

/* Begin PBXNativeTarget section */
		E4B69B5A0A3A1756003C02F2 /* Jungle */ = {
			isa = PBXNativeTarget;
			buildConfigurationList = E4B69B5F0A3A1757003C02F2 /* Build configuration list for PBXNativeTarget "Jungle" */;
			buildPhases = (
				E4B69B580A3A1756003C02F2 /* Sources */,
				E4B69B590A3A1756003C02F2 /* Frameworks */,
				E4B6FFFD0C3F9AB9008CF71C /* ShellScript */,
				E4C2427710CC5ABF004149E2 /* CopyFiles */,
			);
			buildRules = (
			);
			dependencies = (
				E4EEB9AC138B136A00A80321 /* PBXTargetDependency */,
			);
			name = Jungle;
			productName = myOFApp;
			productReference = E4B69B5B0A3A1756003C02F2 /* JungleDebug.app */;
			productType = "com.apple.product-type.application";
		};
/* End PBXNativeTarget section */

/* Begin PBXProject section */
		E4B69B4C0A3A1720003C02F2 /* Project object */ = {
			isa = PBXProject;
			buildConfigurationList = E4B69B4D0A3A1720003C02F2 /* Build configuration list for PBXProject "Jungle" */;
			compatibilityVersion = "Xcode 2.4";
			developmentRegion = English;
			hasScannedForEncodings = 0;
			knownRegions = (
				English,
				Japanese,
				French,
				German,
			);
			mainGroup = E4B69B4A0A3A1720003C02F2;
			productRefGroup = E4B69B4A0A3A1720003C02F2;
			projectDirPath = "";
			projectReferences = (
				{
					ProductGroup = E4328144138ABC890047C5CB /* Products */;
					ProjectRef = E4328143138ABC890047C5CB /* openFrameworksLib.xcodeproj */;
				},
			);
			projectRoot = "";
			targets = (
				E4B69B5A0A3A1756003C02F2 /* Jungle */,
			);
		};
/* End PBXProject section */

/* Begin PBXReferenceProxy section */
		E4328148138ABC890047C5CB /* openFrameworksDebug.a */ = {
			isa = PBXReferenceProxy;
			fileType = archive.ar;
			path = openFrameworksDebug.a;
			remoteRef = E4328147138ABC890047C5CB /* PBXContainerItemProxy */;
			sourceTree = BUILT_PRODUCTS_DIR;
		};
/* End PBXReferenceProxy section */

/* Begin PBXShellScriptBuildPhase section */
		E4B6FFFD0C3F9AB9008CF71C /* ShellScript */ = {
			isa = PBXShellScriptBuildPhase;
			buildActionMask = 2147483647;
			files = (
			);
			inputPaths = (
			);
			outputPaths = (
			);
			runOnlyForDeploymentPostprocessing = 0;
			shellPath = /bin/sh;
			shellScript = "cp -f ../../../libs/fmodex/lib/osx/libfmodex.dylib \"$TARGET_BUILD_DIR/$PRODUCT_NAME.app/Contents/MacOS/libfmodex.dylib\"; install_name_tool -change ./libfmodex.dylib @executable_path/libfmodex.dylib \"$TARGET_BUILD_DIR/$PRODUCT_NAME.app/Contents/MacOS/$PRODUCT_NAME\";";
		};
/* End PBXShellScriptBuildPhase section */

/* Begin PBXSourcesBuildPhase section */
		E4B69B580A3A1756003C02F2 /* Sources */ = {
			isa = PBXSourcesBuildPhase;
			buildActionMask = 2147483647;
			files = (
				E4B69E200A3A1BDC003C02F2 /* main.cpp in Sources */,
				E4B69E210A3A1BDC003C02F2 /* testApp.cpp in Sources */,
				8ded5056525646fa71980866dad7cfd5 /* ofxAssimpModelLoader.cpp in Sources */,
				89d91bbae9596d6e30aa6e35773b88d2 /* ofxOpenNI.cpp in Sources */,
				53b8dc1d45ebd5267b24b6017228408c /* ofxOpenNITypes.cpp in Sources */,
			);
			runOnlyForDeploymentPostprocessing = 0;
		};
/* End PBXSourcesBuildPhase section */

/* Begin PBXTargetDependency section */
		E4EEB9AC138B136A00A80321 /* PBXTargetDependency */ = {
			isa = PBXTargetDependency;
			name = openFrameworks;
			targetProxy = E4EEB9AB138B136A00A80321 /* PBXContainerItemProxy */;
		};
/* End PBXTargetDependency section */

/* Begin XCBuildConfiguration section */
		E4B69B4E0A3A1720003C02F2 /* Debug */ = {
			isa = XCBuildConfiguration;
			baseConfigurationReference = E4EB6923138AFD0F00A09F29 /* Project.xcconfig */;
			buildSettings = {
				ARCHS = "$(NATIVE_ARCH)";
				CONFIGURATION_BUILD_DIR = "$(SRCROOT)/bin/";
				COPY_PHASE_STRIP = NO;
				DEAD_CODE_STRIPPING = YES;
				GCC_AUTO_VECTORIZATION = YES;
				GCC_ENABLE_SSE3_EXTENSIONS = YES;
				GCC_ENABLE_SUPPLEMENTAL_SSE3_INSTRUCTIONS = YES;
				GCC_INLINES_ARE_PRIVATE_EXTERN = NO;
				GCC_OPTIMIZATION_LEVEL = 0;
				GCC_SYMBOLS_PRIVATE_EXTERN = NO;
				GCC_WARN_ABOUT_DEPRECATED_FUNCTIONS = YES;
				GCC_WARN_ABOUT_INVALID_OFFSETOF_MACRO = NO;
				GCC_WARN_ALLOW_INCOMPLETE_PROTOCOL = NO;
				GCC_WARN_UNINITIALIZED_AUTOS = NO;
				GCC_WARN_UNUSED_VALUE = NO;
				GCC_WARN_UNUSED_VARIABLE = NO;
				HEADER_SEARCH_PATHS = (
					"$(OF_CORE_HEADERS)",
					../../../addons/ofxAssimpModelLoader/libs,
					../../../addons/ofxAssimpModelLoader/libs/assimp,
					../../../addons/ofxAssimpModelLoader/libs/assimp/include,
					../../../addons/ofxAssimpModelLoader/libs/assimp/include/Compiler,
					../../../addons/ofxAssimpModelLoader/libs/assimp/lib,
					../../../addons/ofxAssimpModelLoader/libs/assimp/lib/osx,
					../../../addons/ofxAssimpModelLoader/src,
					../../../addons/ofxOpenNI/libs,
					../../../addons/ofxOpenNI/src,
				);
				OTHER_CPLUSPLUSFLAGS = (
					"-D__MACOSX_CORE__",
					"-lpthread",
					"-mtune=native",
				);
				OTHER_LDFLAGS = (
					"$(OF_CORE_LIBS)",
					../../../addons/ofxAssimpModelLoader/libs/assimp/lib/osx/assimp.a,
				);
				SDKROOT = macosx;
			};
			name = Debug;
		};
		E4B69B4F0A3A1720003C02F2 /* Release */ = {
			isa = XCBuildConfiguration;
			baseConfigurationReference = E4EB6923138AFD0F00A09F29 /* Project.xcconfig */;
			buildSettings = {
				ARCHS = "$(NATIVE_ARCH)";
				CONFIGURATION_BUILD_DIR = "$(SRCROOT)/bin/";
				COPY_PHASE_STRIP = YES;
				DEAD_CODE_STRIPPING = YES;
				GCC_AUTO_VECTORIZATION = YES;
				GCC_ENABLE_SSE3_EXTENSIONS = YES;
				GCC_ENABLE_SUPPLEMENTAL_SSE3_INSTRUCTIONS = YES;
				GCC_INLINES_ARE_PRIVATE_EXTERN = NO;
				GCC_OPTIMIZATION_LEVEL = 3;
				GCC_SYMBOLS_PRIVATE_EXTERN = NO;
				GCC_UNROLL_LOOPS = YES;
				GCC_WARN_ABOUT_DEPRECATED_FUNCTIONS = YES;
				GCC_WARN_ABOUT_INVALID_OFFSETOF_MACRO = NO;
				GCC_WARN_ALLOW_INCOMPLETE_PROTOCOL = NO;
				GCC_WARN_UNINITIALIZED_AUTOS = NO;
				GCC_WARN_UNUSED_VALUE = NO;
				GCC_WARN_UNUSED_VARIABLE = NO;
				HEADER_SEARCH_PATHS = (
					"$(OF_CORE_HEADERS)",
					../../../addons/ofxAssimpModelLoader/libs,
					../../../addons/ofxAssimpModelLoader/libs/assimp,
					../../../addons/ofxAssimpModelLoader/libs/assimp/include,
					../../../addons/ofxAssimpModelLoader/libs/assimp/include/Compiler,
					../../../addons/ofxAssimpModelLoader/libs/assimp/lib,
					../../../addons/ofxAssimpModelLoader/libs/assimp/lib/osx,
					../../../addons/ofxAssimpModelLoader/src,
					../../../addons/ofxOpenNI/libs,
					../../../addons/ofxOpenNI/src,
				);
				OTHER_CPLUSPLUSFLAGS = (
					"-D__MACOSX_CORE__",
					"-lpthread",
					"-mtune=native",
				);
				OTHER_LDFLAGS = (
					"$(OF_CORE_LIBS)",
					../../../addons/ofxAssimpModelLoader/libs/assimp/lib/osx/assimp.a,
				);
				SDKROOT = macosx;
			};
			name = Release;
		};
		E4B69B600A3A1757003C02F2 /* Debug */ = {
			isa = XCBuildConfiguration;
			buildSettings = {
				COPY_PHASE_STRIP = NO;
				FRAMEWORK_SEARCH_PATHS = (
					"$(inherited)",
					"$(FRAMEWORK_SEARCH_PATHS_QUOTED_FOR_TARGET_1)",
				);
				FRAMEWORK_SEARCH_PATHS_QUOTED_FOR_TARGET_1 = "\"$(SRCROOT)/../../../libs/glut/lib/osx\"";
				GCC_DYNAMIC_NO_PIC = NO;
				GCC_ENABLE_FIX_AND_CONTINUE = YES;
				GCC_GENERATE_DEBUGGING_SYMBOLS = YES;
				GCC_MODEL_TUNING = NONE;
				GCC_PRECOMPILE_PREFIX_HEADER = YES;
				GCC_PREFIX_HEADER = "$(SYSTEM_LIBRARY_DIR)/Frameworks/Carbon.framework/Headers/Carbon.h";
				INFOPLIST_FILE = "openFrameworks-Info.plist";
				INSTALL_PATH = "$(HOME)/Applications";
				LIBRARY_SEARCH_PATHS = (
					"$(inherited)",
					"$(LIBRARY_SEARCH_PATHS_QUOTED_FOR_TARGET_1)",
					"$(LIBRARY_SEARCH_PATHS_QUOTED_FOR_TARGET_2)",
					"$(LIBRARY_SEARCH_PATHS_QUOTED_FOR_TARGET_3)",
					"$(LIBRARY_SEARCH_PATHS_QUOTED_FOR_TARGET_4)",
					"$(LIBRARY_SEARCH_PATHS_QUOTED_FOR_TARGET_5)",
					"$(LIBRARY_SEARCH_PATHS_QUOTED_FOR_TARGET_6)",
					"$(LIBRARY_SEARCH_PATHS_QUOTED_FOR_TARGET_7)",
					"$(LIBRARY_SEARCH_PATHS_QUOTED_FOR_TARGET_8)",
					"$(LIBRARY_SEARCH_PATHS_QUOTED_FOR_TARGET_9)",
					"$(LIBRARY_SEARCH_PATHS_QUOTED_FOR_TARGET_10)",
					"$(LIBRARY_SEARCH_PATHS_QUOTED_FOR_TARGET_11)",
					"$(LIBRARY_SEARCH_PATHS_QUOTED_FOR_TARGET_12)",
					"$(LIBRARY_SEARCH_PATHS_QUOTED_FOR_TARGET_13)",
					"$(LIBRARY_SEARCH_PATHS_QUOTED_FOR_TARGET_14)",
					"$(LIBRARY_SEARCH_PATHS_QUOTED_FOR_TARGET_15)",
					"$(LIBRARY_SEARCH_PATHS_QUOTED_FOR_TARGET_2)",
					"$(LIBRARY_SEARCH_PATHS_QUOTED_FOR_TARGET_3)",
					"$(LIBRARY_SEARCH_PATHS_QUOTED_FOR_TARGET_7)",
					"$(LIBRARY_SEARCH_PATHS_QUOTED_FOR_TARGET_8)",
					"$(LIBRARY_SEARCH_PATHS_QUOTED_FOR_TARGET_9)",
					"$(LIBRARY_SEARCH_PATHS_QUOTED_FOR_TARGET_10)",
					"$(LIBRARY_SEARCH_PATHS_QUOTED_FOR_TARGET_11)",
					"$(LIBRARY_SEARCH_PATHS_QUOTED_FOR_TARGET_12)",
					"$(LIBRARY_SEARCH_PATHS_QUOTED_FOR_TARGET_13)",
					"$(LIBRARY_SEARCH_PATHS_QUOTED_FOR_TARGET_16)",
					"$(LIBRARY_SEARCH_PATHS_QUOTED_FOR_TARGET_17)",
					"$(LIBRARY_SEARCH_PATHS_QUOTED_FOR_TARGET_18)",
					"$(LIBRARY_SEARCH_PATHS_QUOTED_FOR_TARGET_19)",
					"$(LIBRARY_SEARCH_PATHS_QUOTED_FOR_TARGET_20)",
					"$(LIBRARY_SEARCH_PATHS_QUOTED_FOR_TARGET_21)",
					"$(LIBRARY_SEARCH_PATHS_QUOTED_FOR_TARGET_22)",
					"$(LIBRARY_SEARCH_PATHS_QUOTED_FOR_TARGET_23)",
					"$(LIBRARY_SEARCH_PATHS_QUOTED_FOR_TARGET_24)",
					"$(LIBRARY_SEARCH_PATHS_QUOTED_FOR_TARGET_25)",
					"$(LIBRARY_SEARCH_PATHS_QUOTED_FOR_TARGET_26)",
					"$(LIBRARY_SEARCH_PATHS_QUOTED_FOR_TARGET_27)",
					"$(LIBRARY_SEARCH_PATHS_QUOTED_FOR_TARGET_28)",
					"$(LIBRARY_SEARCH_PATHS_QUOTED_FOR_TARGET_29)",
					"$(LIBRARY_SEARCH_PATHS_QUOTED_FOR_TARGET_30)",
					"$(LIBRARY_SEARCH_PATHS_QUOTED_FOR_TARGET_31)",
					"$(LIBRARY_SEARCH_PATHS_QUOTED_FOR_TARGET_32)",
					"$(LIBRARY_SEARCH_PATHS_QUOTED_FOR_TARGET_33)",
					"$(LIBRARY_SEARCH_PATHS_QUOTED_FOR_TARGET_34)",
					"$(LIBRARY_SEARCH_PATHS_QUOTED_FOR_TARGET_35)",
					"$(LIBRARY_SEARCH_PATHS_QUOTED_FOR_TARGET_36)",
					"$(LIBRARY_SEARCH_PATHS_QUOTED_FOR_TARGET_37)",
					"$(LIBRARY_SEARCH_PATHS_QUOTED_FOR_TARGET_38)",
					"$(LIBRARY_SEARCH_PATHS_QUOTED_FOR_TARGET_39)",
					"$(LIBRARY_SEARCH_PATHS_QUOTED_FOR_TARGET_40)",
					"$(LIBRARY_SEARCH_PATHS_QUOTED_FOR_TARGET_41)",
					"$(LIBRARY_SEARCH_PATHS_QUOTED_FOR_TARGET_42)",
					"$(LIBRARY_SEARCH_PATHS_QUOTED_FOR_TARGET_43)",
					"$(LIBRARY_SEARCH_PATHS_QUOTED_FOR_TARGET_44)",
					"$(LIBRARY_SEARCH_PATHS_QUOTED_FOR_TARGET_45)",
					"$(LIBRARY_SEARCH_PATHS_QUOTED_FOR_TARGET_46)",
					"$(LIBRARY_SEARCH_PATHS_QUOTED_FOR_TARGET_47)",
					"$(LIBRARY_SEARCH_PATHS_QUOTED_FOR_TARGET_48)",
					"$(LIBRARY_SEARCH_PATHS_QUOTED_FOR_TARGET_49)",
					"$(LIBRARY_SEARCH_PATHS_QUOTED_FOR_TARGET_50)",
					"$(LIBRARY_SEARCH_PATHS_QUOTED_FOR_TARGET_51)",
					"$(LIBRARY_SEARCH_PATHS_QUOTED_FOR_TARGET_52)",
					"$(LIBRARY_SEARCH_PATHS_QUOTED_FOR_TARGET_1)",
				);
				LIBRARY_SEARCH_PATHS_QUOTED_FOR_TARGET_1 = "\"$(SRCROOT)/bin/data/openni/lib\"";
				PREBINDING = NO;
				PRODUCT_NAME = "$(TARGET_NAME)Debug";
				WRAPPER_EXTENSION = app;
			};
			name = Debug;
		};
		E4B69B610A3A1757003C02F2 /* Release */ = {
			isa = XCBuildConfiguration;
			buildSettings = {
				COPY_PHASE_STRIP = YES;
				FRAMEWORK_SEARCH_PATHS = (
					"$(inherited)",
					"$(FRAMEWORK_SEARCH_PATHS_QUOTED_FOR_TARGET_1)",
				);
				FRAMEWORK_SEARCH_PATHS_QUOTED_FOR_TARGET_1 = "\"$(SRCROOT)/../../../libs/glut/lib/osx\"";
				GCC_ENABLE_FIX_AND_CONTINUE = NO;
				GCC_GENERATE_DEBUGGING_SYMBOLS = YES;
				GCC_MODEL_TUNING = NONE;
				GCC_PRECOMPILE_PREFIX_HEADER = YES;
				GCC_PREFIX_HEADER = "$(SYSTEM_LIBRARY_DIR)/Frameworks/Carbon.framework/Headers/Carbon.h";
				INFOPLIST_FILE = "openFrameworks-Info.plist";
				INSTALL_PATH = "$(HOME)/Applications";
				LIBRARY_SEARCH_PATHS = (
					"$(inherited)",
					"$(LIBRARY_SEARCH_PATHS_QUOTED_FOR_TARGET_1)",
					"$(LIBRARY_SEARCH_PATHS_QUOTED_FOR_TARGET_2)",
					"$(LIBRARY_SEARCH_PATHS_QUOTED_FOR_TARGET_3)",
					"$(LIBRARY_SEARCH_PATHS_QUOTED_FOR_TARGET_4)",
					"$(LIBRARY_SEARCH_PATHS_QUOTED_FOR_TARGET_5)",
					"$(LIBRARY_SEARCH_PATHS_QUOTED_FOR_TARGET_6)",
					"$(LIBRARY_SEARCH_PATHS_QUOTED_FOR_TARGET_7)",
					"$(LIBRARY_SEARCH_PATHS_QUOTED_FOR_TARGET_8)",
					"$(LIBRARY_SEARCH_PATHS_QUOTED_FOR_TARGET_9)",
					"$(LIBRARY_SEARCH_PATHS_QUOTED_FOR_TARGET_10)",
					"$(LIBRARY_SEARCH_PATHS_QUOTED_FOR_TARGET_11)",
					"$(LIBRARY_SEARCH_PATHS_QUOTED_FOR_TARGET_12)",
					"$(LIBRARY_SEARCH_PATHS_QUOTED_FOR_TARGET_13)",
					"$(LIBRARY_SEARCH_PATHS_QUOTED_FOR_TARGET_14)",
					"$(LIBRARY_SEARCH_PATHS_QUOTED_FOR_TARGET_15)",
					"$(LIBRARY_SEARCH_PATHS_QUOTED_FOR_TARGET_2)",
					"$(LIBRARY_SEARCH_PATHS_QUOTED_1)",
					"$(LIBRARY_SEARCH_PATHS_QUOTED_FOR_TARGET_3)",
					"$(LIBRARY_SEARCH_PATHS_QUOTED_FOR_TARGET_7)",
					"$(LIBRARY_SEARCH_PATHS_QUOTED_FOR_TARGET_8)",
					"$(LIBRARY_SEARCH_PATHS_QUOTED_FOR_TARGET_9)",
					"$(LIBRARY_SEARCH_PATHS_QUOTED_FOR_TARGET_10)",
					"$(LIBRARY_SEARCH_PATHS_QUOTED_FOR_TARGET_11)",
					"$(LIBRARY_SEARCH_PATHS_QUOTED_FOR_TARGET_12)",
					"$(LIBRARY_SEARCH_PATHS_QUOTED_FOR_TARGET_13)",
					"$(LIBRARY_SEARCH_PATHS_QUOTED_FOR_TARGET_16)",
					"$(LIBRARY_SEARCH_PATHS_QUOTED_FOR_TARGET_17)",
					"$(LIBRARY_SEARCH_PATHS_QUOTED_FOR_TARGET_18)",
					"$(LIBRARY_SEARCH_PATHS_QUOTED_FOR_TARGET_19)",
					"$(LIBRARY_SEARCH_PATHS_QUOTED_FOR_TARGET_20)",
					"$(LIBRARY_SEARCH_PATHS_QUOTED_FOR_TARGET_21)",
					"$(LIBRARY_SEARCH_PATHS_QUOTED_FOR_TARGET_22)",
					"$(LIBRARY_SEARCH_PATHS_QUOTED_FOR_TARGET_23)",
					"$(LIBRARY_SEARCH_PATHS_QUOTED_FOR_TARGET_24)",
					"$(LIBRARY_SEARCH_PATHS_QUOTED_FOR_TARGET_25)",
					"$(LIBRARY_SEARCH_PATHS_QUOTED_FOR_TARGET_26)",
					"$(LIBRARY_SEARCH_PATHS_QUOTED_FOR_TARGET_27)",
					"$(LIBRARY_SEARCH_PATHS_QUOTED_FOR_TARGET_28)",
					"$(LIBRARY_SEARCH_PATHS_QUOTED_FOR_TARGET_29)",
					"$(LIBRARY_SEARCH_PATHS_QUOTED_FOR_TARGET_30)",
					"$(LIBRARY_SEARCH_PATHS_QUOTED_FOR_TARGET_31)",
					"$(LIBRARY_SEARCH_PATHS_QUOTED_FOR_TARGET_32)",
					"$(LIBRARY_SEARCH_PATHS_QUOTED_FOR_TARGET_33)",
					"$(LIBRARY_SEARCH_PATHS_QUOTED_FOR_TARGET_34)",
					"$(LIBRARY_SEARCH_PATHS_QUOTED_FOR_TARGET_35)",
					"$(LIBRARY_SEARCH_PATHS_QUOTED_FOR_TARGET_36)",
					"$(LIBRARY_SEARCH_PATHS_QUOTED_FOR_TARGET_37)",
					"$(LIBRARY_SEARCH_PATHS_QUOTED_FOR_TARGET_38)",
					"$(LIBRARY_SEARCH_PATHS_QUOTED_FOR_TARGET_39)",
					"$(LIBRARY_SEARCH_PATHS_QUOTED_FOR_TARGET_40)",
					"$(LIBRARY_SEARCH_PATHS_QUOTED_FOR_TARGET_41)",
					"$(LIBRARY_SEARCH_PATHS_QUOTED_FOR_TARGET_42)",
					"$(LIBRARY_SEARCH_PATHS_QUOTED_FOR_TARGET_43)",
					"$(LIBRARY_SEARCH_PATHS_QUOTED_FOR_TARGET_44)",
					"$(LIBRARY_SEARCH_PATHS_QUOTED_FOR_TARGET_45)",
					"$(LIBRARY_SEARCH_PATHS_QUOTED_FOR_TARGET_46)",
					"$(LIBRARY_SEARCH_PATHS_QUOTED_FOR_TARGET_47)",
					"$(LIBRARY_SEARCH_PATHS_QUOTED_FOR_TARGET_48)",
					"$(LIBRARY_SEARCH_PATHS_QUOTED_FOR_TARGET_49)",
					"$(LIBRARY_SEARCH_PATHS_QUOTED_FOR_TARGET_50)",
					"$(LIBRARY_SEARCH_PATHS_QUOTED_FOR_TARGET_51)",
					"$(LIBRARY_SEARCH_PATHS_QUOTED_FOR_TARGET_1)",
				);
				LIBRARY_SEARCH_PATHS_QUOTED_FOR_TARGET_1 = "\"$(SRCROOT)/bin/data/openni/lib\"";
				PREBINDING = NO;
				PRODUCT_NAME = "$(TARGET_NAME)";
				WRAPPER_EXTENSION = app;
			};
			name = Release;
		};
/* End XCBuildConfiguration section */

/* Begin XCConfigurationList section */
		E4B69B4D0A3A1720003C02F2 /* Build configuration list for PBXProject "Jungle" */ = {
			isa = XCConfigurationList;
			buildConfigurations = (
				E4B69B4E0A3A1720003C02F2 /* Debug */,
				E4B69B4F0A3A1720003C02F2 /* Release */,
			);
			defaultConfigurationIsVisible = 0;
			defaultConfigurationName = Release;
		};
		E4B69B5F0A3A1757003C02F2 /* Build configuration list for PBXNativeTarget "Jungle" */ = {
			isa = XCConfigurationList;
			buildConfigurations = (
				E4B69B600A3A1757003C02F2 /* Debug */,
				E4B69B610A3A1757003C02F2 /* Release */,
			);
			defaultConfigurationIsVisible = 0;
			defaultConfigurationName = Release;
		};
/* End XCConfigurationList section */
	};
	rootObject = E4B69B4C0A3A1720003C02F2 /* Project object */;
}
